
Microsoft Visual Studio Solution File, Format Version 12.00
# Visual Studio 15
Project("{FAE04EC0-301F-11D3-BF4B-00C04F79EFBC}") = "PlaceholderPosts.Android", "PlaceholderPosts.Android\PlaceholderPosts.Android.csproj", "{EBF5BB94-364B-4D72-86EE-19B408710C8D}"
EndProject
Project("{FAE04EC0-301F-11D3-BF4B-00C04F79EFBC}") = "PlaceholderPosts.iOS", "PlaceholderPosts.iOS\PlaceholderPosts.iOS.csproj", "{6746FDA3-DE20-4B94-8564-4E5A0C26CDCC}"
EndProject
Project("{FAE04EC0-301F-11D3-BF4B-00C04F79EFBC}") = "PlaceholderPosts", "PlaceholderPosts\PlaceholderPosts.csproj", "{E01E10EC-35D7-48D4-9CBD-A379CA3EAC8B}"
EndProject
Project("{FAE04EC0-301F-11D3-BF4B-00C04F79EFBC}") = "PlaceholderPosts.Infrastructure.Tests", "PlaceholderPosts.Infrastructure.Tests\PlaceholderPosts.Infrastructure.Tests.csproj", "{3D87807A-5286-43F4-A5B0-F9893D6B3578}"
EndProject
Project("{FAE04EC0-301F-11D3-BF4B-00C04F79EFBC}") = "PlaceholderPosts.Infrastructure", "PlaceholderPosts.Infrastructure\PlaceholderPosts.Infrastructure.csproj", "{EE7E4546-6C77-492D-831C-231A24AE6B25}"
EndProject
Project("{FAE04EC0-301F-11D3-BF4B-00C04F79EFBC}") = "PlaceholderPosts.Common", "PlaceholderPosts.Common\PlaceholderPosts.Common.csproj", "{851DFDAB-FD58-4B35-AA54-5A0A5B6B4CB5}"
EndProject
Global
	GlobalSection(SolutionConfigurationPlatforms) = preSolution
		Debug|Any CPU = Debug|Any CPU
		Release|Any CPU = Release|Any CPU
		Debug|iPhoneSimulator = Debug|iPhoneSimulator
		Release|iPhoneSimulator = Release|iPhoneSimulator
		Debug|iPhone = Debug|iPhone
		Release|iPhone = Release|iPhone
	EndGlobalSection
	GlobalSection(ProjectConfigurationPlatforms) = postSolution
		{EBF5BB94-364B-4D72-86EE-19B408710C8D}.Debug|Any CPU.ActiveCfg = Debug|Any CPU
		{EBF5BB94-364B-4D72-86EE-19B408710C8D}.Debug|Any CPU.Build.0 = Debug|Any CPU
		{EBF5BB94-364B-4D72-86EE-19B408710C8D}.Release|Any CPU.ActiveCfg = Release|Any CPU
		{EBF5BB94-364B-4D72-86EE-19B408710C8D}.Release|Any CPU.Build.0 = Release|Any CPU
		{EBF5BB94-364B-4D72-86EE-19B408710C8D}.Debug|iPhoneSimulator.ActiveCfg = Debug|Any CPU
		{EBF5BB94-364B-4D72-86EE-19B408710C8D}.Debug|iPhoneSimulator.Build.0 = Debug|Any CPU
		{EBF5BB94-364B-4D72-86EE-19B408710C8D}.Release|iPhoneSimulator.ActiveCfg = Release|Any CPU
		{EBF5BB94-364B-4D72-86EE-19B408710C8D}.Release|iPhoneSimulator.Build.0 = Release|Any CPU
		{EBF5BB94-364B-4D72-86EE-19B408710C8D}.Debug|iPhone.ActiveCfg = Debug|Any CPU
		{EBF5BB94-364B-4D72-86EE-19B408710C8D}.Debug|iPhone.Build.0 = Debug|Any CPU
		{EBF5BB94-364B-4D72-86EE-19B408710C8D}.Release|iPhone.ActiveCfg = Release|Any CPU
		{EBF5BB94-364B-4D72-86EE-19B408710C8D}.Release|iPhone.Build.0 = Release|Any CPU
		{6746FDA3-DE20-4B94-8564-4E5A0C26CDCC}.Debug|Any CPU.ActiveCfg = Debug|iPhoneSimulator
		{6746FDA3-DE20-4B94-8564-4E5A0C26CDCC}.Debug|Any CPU.Build.0 = Debug|iPhoneSimulator
		{6746FDA3-DE20-4B94-8564-4E5A0C26CDCC}.Release|Any CPU.ActiveCfg = Release|iPhoneSimulator
		{6746FDA3-DE20-4B94-8564-4E5A0C26CDCC}.Release|Any CPU.Build.0 = Release|iPhoneSimulator
		{6746FDA3-DE20-4B94-8564-4E5A0C26CDCC}.Debug|iPhoneSimulator.ActiveCfg = Debug|iPhoneSimulator
		{6746FDA3-DE20-4B94-8564-4E5A0C26CDCC}.Debug|iPhoneSimulator.Build.0 = Debug|iPhoneSimulator
		{6746FDA3-DE20-4B94-8564-4E5A0C26CDCC}.Release|iPhoneSimulator.ActiveCfg = Release|iPhoneSimulator
		{6746FDA3-DE20-4B94-8564-4E5A0C26CDCC}.Release|iPhoneSimulator.Build.0 = Release|iPhoneSimulator
		{6746FDA3-DE20-4B94-8564-4E5A0C26CDCC}.Debug|iPhone.ActiveCfg = Debug|iPhone
		{6746FDA3-DE20-4B94-8564-4E5A0C26CDCC}.Debug|iPhone.Build.0 = Debug|iPhone
		{6746FDA3-DE20-4B94-8564-4E5A0C26CDCC}.Release|iPhone.ActiveCfg = Release|iPhone
		{6746FDA3-DE20-4B94-8564-4E5A0C26CDCC}.Release|iPhone.Build.0 = Release|iPhone
		{E01E10EC-35D7-48D4-9CBD-A379CA3EAC8B}.Debug|Any CPU.ActiveCfg = Debug|Any CPU
		{E01E10EC-35D7-48D4-9CBD-A379CA3EAC8B}.Debug|Any CPU.Build.0 = Debug|Any CPU
		{E01E10EC-35D7-48D4-9CBD-A379CA3EAC8B}.Release|Any CPU.ActiveCfg = Release|Any CPU
		{E01E10EC-35D7-48D4-9CBD-A379CA3EAC8B}.Release|Any CPU.Build.0 = Release|Any CPU
		{E01E10EC-35D7-48D4-9CBD-A379CA3EAC8B}.Debug|iPhoneSimulator.ActiveCfg = Debug|Any CPU
		{E01E10EC-35D7-48D4-9CBD-A379CA3EAC8B}.Debug|iPhoneSimulator.Build.0 = Debug|Any CPU
		{E01E10EC-35D7-48D4-9CBD-A379CA3EAC8B}.Release|iPhoneSimulator.ActiveCfg = Release|Any CPU
		{E01E10EC-35D7-48D4-9CBD-A379CA3EAC8B}.Release|iPhoneSimulator.Build.0 = Release|Any CPU
		{E01E10EC-35D7-48D4-9CBD-A379CA3EAC8B}.Debug|iPhone.ActiveCfg = Debug|Any CPU
		{E01E10EC-35D7-48D4-9CBD-A379CA3EAC8B}.Debug|iPhone.Build.0 = Debug|Any CPU
		{E01E10EC-35D7-48D4-9CBD-A379CA3EAC8B}.Release|iPhone.ActiveCfg = Release|Any CPU
		{E01E10EC-35D7-48D4-9CBD-A379CA3EAC8B}.Release|iPhone.Build.0 = Release|Any CPU
		{3D87807A-5286-43F4-A5B0-F9893D6B3578}.Debug|Any CPU.ActiveCfg = Debug|Any CPU
		{3D87807A-5286-43F4-A5B0-F9893D6B3578}.Debug|Any CPU.Build.0 = Debug|Any CPU
		{3D87807A-5286-43F4-A5B0-F9893D6B3578}.Release|Any CPU.ActiveCfg = Release|Any CPU
		{3D87807A-5286-43F4-A5B0-F9893D6B3578}.Release|Any CPU.Build.0 = Release|Any CPU
		{3D87807A-5286-43F4-A5B0-F9893D6B3578}.Debug|iPhoneSimulator.ActiveCfg = Debug|Any CPU
		{3D87807A-5286-43F4-A5B0-F9893D6B3578}.Debug|iPhoneSimulator.Build.0 = Debug|Any CPU
		{3D87807A-5286-43F4-A5B0-F9893D6B3578}.Release|iPhoneSimulator.ActiveCfg = Release|Any CPU
		{3D87807A-5286-43F4-A5B0-F9893D6B3578}.Release|iPhoneSimulator.Build.0 = Release|Any CPU
		{3D87807A-5286-43F4-A5B0-F9893D6B3578}.Debug|iPhone.ActiveCfg = Debug|Any CPU
		{3D87807A-5286-43F4-A5B0-F9893D6B3578}.Debug|iPhone.Build.0 = Debug|Any CPU
		{3D87807A-5286-43F4-A5B0-F9893D6B3578}.Release|iPhone.ActiveCfg = Release|Any CPU
		{3D87807A-5286-43F4-A5B0-F9893D6B3578}.Release|iPhone.Build.0 = Release|Any CPU
		{EE7E4546-6C77-492D-831C-231A24AE6B25}.Debug|Any CPU.ActiveCfg = Debug|Any CPU
		{EE7E4546-6C77-492D-831C-231A24AE6B25}.Debug|Any CPU.Build.0 = Debug|Any CPU
		{EE7E4546-6C77-492D-831C-231A24AE6B25}.Release|Any CPU.ActiveCfg = Release|Any CPU
		{EE7E4546-6C77-492D-831C-231A24AE6B25}.Release|Any CPU.Build.0 = Release|Any CPU
		{EE7E4546-6C77-492D-831C-231A24AE6B25}.Debug|iPhoneSimulator.ActiveCfg = Debug|Any CPU
		{EE7E4546-6C77-492D-831C-231A24AE6B25}.Debug|iPhoneSimulator.Build.0 = Debug|Any CPU
		{EE7E4546-6C77-492D-831C-231A24AE6B25}.Release|iPhoneSimulator.ActiveCfg = Release|Any CPU
		{EE7E4546-6C77-492D-831C-231A24AE6B25}.Release|iPhoneSimulator.Build.0 = Release|Any CPU
		{EE7E4546-6C77-492D-831C-231A24AE6B25}.Debug|iPhone.ActiveCfg = Debug|Any CPU
		{EE7E4546-6C77-492D-831C-231A24AE6B25}.Debug|iPhone.Build.0 = Debug|Any CPU
		{EE7E4546-6C77-492D-831C-231A24AE6B25}.Release|iPhone.ActiveCfg = Release|Any CPU
		{EE7E4546-6C77-492D-831C-231A24AE6B25}.Release|iPhone.Build.0 = Release|Any CPU
		{851DFDAB-FD58-4B35-AA54-5A0A5B6B4CB5}.Debug|Any CPU.ActiveCfg = Debug|Any CPU
		{851DFDAB-FD58-4B35-AA54-5A0A5B6B4CB5}.Debug|Any CPU.Build.0 = Debug|Any CPU
		{851DFDAB-FD58-4B35-AA54-5A0A5B6B4CB5}.Release|Any CPU.ActiveCfg = Release|Any CPU
		{851DFDAB-FD58-4B35-AA54-5A0A5B6B4CB5}.Release|Any CPU.Build.0 = Release|Any CPU
		{851DFDAB-FD58-4B35-AA54-5A0A5B6B4CB5}.Debug|iPhoneSimulator.ActiveCfg = Debug|Any CPU
		{851DFDAB-FD58-4B35-AA54-5A0A5B6B4CB5}.Debug|iPhoneSimulator.Build.0 = Debug|Any CPU
		{851DFDAB-FD58-4B35-AA54-5A0A5B6B4CB5}.Release|iPhoneSimulator.ActiveCfg = Release|Any CPU
		{851DFDAB-FD58-4B35-AA54-5A0A5B6B4CB5}.Release|iPhoneSimulator.Build.0 = Release|Any CPU
		{851DFDAB-FD58-4B35-AA54-5A0A5B6B4CB5}.Debug|iPhone.ActiveCfg = Debug|Any CPU
		{851DFDAB-FD58-4B35-AA54-5A0A5B6B4CB5}.Debug|iPhone.Build.0 = Debug|Any CPU
		{851DFDAB-FD58-4B35-AA54-5A0A5B6B4CB5}.Release|iPhone.ActiveCfg = Release|Any CPU
		{851DFDAB-FD58-4B35-AA54-5A0A5B6B4CB5}.Release|iPhone.Build.0 = Release|Any CPU
	EndGlobalSection
EndGlobal
