
Microsoft Visual Studio Solution File, Format Version 12.00
# Visual Studio 15
Project("{FAE04EC0-301F-11D3-BF4B-00C04F79EFBC}") = "DeviceSensors.Android", "DeviceSensors.Android\DeviceSensors.Android.csproj", "{33DF7ACB-4D7E-4F24-8210-D7CDB231BD87}"
EndProject
Project("{FAE04EC0-301F-11D3-BF4B-00C04F79EFBC}") = "DeviceSensors.iOS", "DeviceSensors.iOS\DeviceSensors.iOS.csproj", "{434330E5-E2CF-47B8-A016-46E5DE7E3D07}"
EndProject
Project("{FAE04EC0-301F-11D3-BF4B-00C04F79EFBC}") = "DeviceSensors", "DeviceSensors\DeviceSensors.csproj", "{67582FE8-AE42-4B9D-BBB1-2D9137867197}"
EndProject
Global
	GlobalSection(SolutionConfigurationPlatforms) = preSolution
		Debug|Any CPU = Debug|Any CPU
		Release|Any CPU = Release|Any CPU
		Debug|iPhoneSimulator = Debug|iPhoneSimulator
		Release|iPhoneSimulator = Release|iPhoneSimulator
		Debug|iPhone = Debug|iPhone
		Release|iPhone = Release|iPhone
		Ad-Hoc|iPhone = Ad-Hoc|iPhone
		AppStore|iPhone = AppStore|iPhone
	EndGlobalSection
	GlobalSection(ProjectConfigurationPlatforms) = postSolution
		{33DF7ACB-4D7E-4F24-8210-D7CDB231BD87}.Debug|Any CPU.ActiveCfg = Debug|Any CPU
		{33DF7ACB-4D7E-4F24-8210-D7CDB231BD87}.Debug|Any CPU.Build.0 = Debug|Any CPU
		{33DF7ACB-4D7E-4F24-8210-D7CDB231BD87}.Release|Any CPU.ActiveCfg = Release|Any CPU
		{33DF7ACB-4D7E-4F24-8210-D7CDB231BD87}.Release|Any CPU.Build.0 = Release|Any CPU
		{33DF7ACB-4D7E-4F24-8210-D7CDB231BD87}.Debug|iPhoneSimulator.ActiveCfg = Debug|Any CPU
		{33DF7ACB-4D7E-4F24-8210-D7CDB231BD87}.Debug|iPhoneSimulator.Build.0 = Debug|Any CPU
		{33DF7ACB-4D7E-4F24-8210-D7CDB231BD87}.Release|iPhoneSimulator.ActiveCfg = Release|Any CPU
		{33DF7ACB-4D7E-4F24-8210-D7CDB231BD87}.Release|iPhoneSimulator.Build.0 = Release|Any CPU
		{33DF7ACB-4D7E-4F24-8210-D7CDB231BD87}.Debug|iPhone.ActiveCfg = Debug|Any CPU
		{33DF7ACB-4D7E-4F24-8210-D7CDB231BD87}.Debug|iPhone.Build.0 = Debug|Any CPU
		{33DF7ACB-4D7E-4F24-8210-D7CDB231BD87}.Release|iPhone.ActiveCfg = Release|Any CPU
		{33DF7ACB-4D7E-4F24-8210-D7CDB231BD87}.Release|iPhone.Build.0 = Release|Any CPU
		{33DF7ACB-4D7E-4F24-8210-D7CDB231BD87}.Ad-Hoc|iPhone.ActiveCfg = Debug|Any CPU
		{33DF7ACB-4D7E-4F24-8210-D7CDB231BD87}.Ad-Hoc|iPhone.Build.0 = Debug|Any CPU
		{33DF7ACB-4D7E-4F24-8210-D7CDB231BD87}.AppStore|iPhone.ActiveCfg = Debug|Any CPU
		{33DF7ACB-4D7E-4F24-8210-D7CDB231BD87}.AppStore|iPhone.Build.0 = Debug|Any CPU
		{434330E5-E2CF-47B8-A016-46E5DE7E3D07}.Debug|Any CPU.ActiveCfg = Debug|iPhoneSimulator
		{434330E5-E2CF-47B8-A016-46E5DE7E3D07}.Debug|Any CPU.Build.0 = Debug|iPhoneSimulator
		{434330E5-E2CF-47B8-A016-46E5DE7E3D07}.Release|Any CPU.ActiveCfg = Release|iPhoneSimulator
		{434330E5-E2CF-47B8-A016-46E5DE7E3D07}.Release|Any CPU.Build.0 = Release|iPhoneSimulator
		{434330E5-E2CF-47B8-A016-46E5DE7E3D07}.Debug|iPhoneSimulator.ActiveCfg = Debug|iPhoneSimulator
		{434330E5-E2CF-47B8-A016-46E5DE7E3D07}.Debug|iPhoneSimulator.Build.0 = Debug|iPhoneSimulator
		{434330E5-E2CF-47B8-A016-46E5DE7E3D07}.Release|iPhoneSimulator.ActiveCfg = Release|iPhoneSimulator
		{434330E5-E2CF-47B8-A016-46E5DE7E3D07}.Release|iPhoneSimulator.Build.0 = Release|iPhoneSimulator
		{434330E5-E2CF-47B8-A016-46E5DE7E3D07}.Debug|iPhone.ActiveCfg = Debug|iPhone
		{434330E5-E2CF-47B8-A016-46E5DE7E3D07}.Debug|iPhone.Build.0 = Debug|iPhone
		{434330E5-E2CF-47B8-A016-46E5DE7E3D07}.Release|iPhone.ActiveCfg = Release|iPhone
		{434330E5-E2CF-47B8-A016-46E5DE7E3D07}.Release|iPhone.Build.0 = Release|iPhone
		{434330E5-E2CF-47B8-A016-46E5DE7E3D07}.Ad-Hoc|iPhone.ActiveCfg = Ad-Hoc|iPhone
		{434330E5-E2CF-47B8-A016-46E5DE7E3D07}.Ad-Hoc|iPhone.Build.0 = Ad-Hoc|iPhone
		{434330E5-E2CF-47B8-A016-46E5DE7E3D07}.AppStore|iPhone.ActiveCfg = AppStore|iPhone
		{434330E5-E2CF-47B8-A016-46E5DE7E3D07}.AppStore|iPhone.Build.0 = AppStore|iPhone
		{67582FE8-AE42-4B9D-BBB1-2D9137867197}.Debug|Any CPU.ActiveCfg = Debug|Any CPU
		{67582FE8-AE42-4B9D-BBB1-2D9137867197}.Debug|Any CPU.Build.0 = Debug|Any CPU
		{67582FE8-AE42-4B9D-BBB1-2D9137867197}.Release|Any CPU.ActiveCfg = Release|Any CPU
		{67582FE8-AE42-4B9D-BBB1-2D9137867197}.Release|Any CPU.Build.0 = Release|Any CPU
		{67582FE8-AE42-4B9D-BBB1-2D9137867197}.Debug|iPhoneSimulator.ActiveCfg = Debug|Any CPU
		{67582FE8-AE42-4B9D-BBB1-2D9137867197}.Debug|iPhoneSimulator.Build.0 = Debug|Any CPU
		{67582FE8-AE42-4B9D-BBB1-2D9137867197}.Release|iPhoneSimulator.ActiveCfg = Release|Any CPU
		{67582FE8-AE42-4B9D-BBB1-2D9137867197}.Release|iPhoneSimulator.Build.0 = Release|Any CPU
		{67582FE8-AE42-4B9D-BBB1-2D9137867197}.Debug|iPhone.ActiveCfg = Debug|Any CPU
		{67582FE8-AE42-4B9D-BBB1-2D9137867197}.Debug|iPhone.Build.0 = Debug|Any CPU
		{67582FE8-AE42-4B9D-BBB1-2D9137867197}.Release|iPhone.ActiveCfg = Release|Any CPU
		{67582FE8-AE42-4B9D-BBB1-2D9137867197}.Release|iPhone.Build.0 = Release|Any CPU
		{67582FE8-AE42-4B9D-BBB1-2D9137867197}.Ad-Hoc|iPhone.ActiveCfg = Debug|Any CPU
		{67582FE8-AE42-4B9D-BBB1-2D9137867197}.Ad-Hoc|iPhone.Build.0 = Debug|Any CPU
		{67582FE8-AE42-4B9D-BBB1-2D9137867197}.AppStore|iPhone.ActiveCfg = Debug|Any CPU
		{67582FE8-AE42-4B9D-BBB1-2D9137867197}.AppStore|iPhone.Build.0 = Debug|Any CPU
	EndGlobalSection
EndGlobal
