
Microsoft Visual Studio Solution File, Format Version 12.00
# Visual Studio 2012
Project("{FAE04EC0-301F-11D3-BF4B-00C04F79EFBC}") = "UrhoSharpRecipe", "UrhoSharpRecipe\UrhoSharpRecipe.csproj", "{81358979-9D9D-4CA0-84EC-C762F051573D}"
EndProject
Project("{FAE04EC0-301F-11D3-BF4B-00C04F79EFBC}") = "UrhoSharpRecipe.iOS", "iOS\UrhoSharpRecipe.iOS.csproj", "{81D86564-3F34-4A5B-BB1A-CCEB92CD4DE5}"
EndProject
Project("{FAE04EC0-301F-11D3-BF4B-00C04F79EFBC}") = "UrhoSharpRecipe.Droid", "Droid\UrhoSharpRecipe.Droid.csproj", "{8D63ADF5-33A4-4ED4-AC87-AACD8696F132}"
EndProject
Project("{9344BDBB-3E7F-41FC-A0DD-8665D75EE146}") = "Assets", "Assets\Assets.mdproj", "{8566E739-00F4-4E31-A9F0-B750EE785621}"
EndProject
Global
	GlobalSection(SolutionConfigurationPlatforms) = preSolution
		Debug|Any CPU = Debug|Any CPU
		Release|Any CPU = Release|Any CPU
		Debug|iPhoneSimulator = Debug|iPhoneSimulator
		Release|iPhone = Release|iPhone
		Release|iPhoneSimulator = Release|iPhoneSimulator
		Debug|iPhone = Debug|iPhone
		Default|Any CPU = Default|Any CPU
	EndGlobalSection
	GlobalSection(ProjectConfigurationPlatforms) = postSolution
		{81358979-9D9D-4CA0-84EC-C762F051573D}.Debug|Any CPU.ActiveCfg = Debug|Any CPU
		{81358979-9D9D-4CA0-84EC-C762F051573D}.Debug|Any CPU.Build.0 = Debug|Any CPU
		{81358979-9D9D-4CA0-84EC-C762F051573D}.Release|Any CPU.ActiveCfg = Release|Any CPU
		{81358979-9D9D-4CA0-84EC-C762F051573D}.Release|Any CPU.Build.0 = Release|Any CPU
		{81358979-9D9D-4CA0-84EC-C762F051573D}.Debug|iPhoneSimulator.ActiveCfg = Debug|Any CPU
		{81358979-9D9D-4CA0-84EC-C762F051573D}.Debug|iPhoneSimulator.Build.0 = Debug|Any CPU
		{81358979-9D9D-4CA0-84EC-C762F051573D}.Release|iPhone.ActiveCfg = Release|Any CPU
		{81358979-9D9D-4CA0-84EC-C762F051573D}.Release|iPhone.Build.0 = Release|Any CPU
		{81358979-9D9D-4CA0-84EC-C762F051573D}.Release|iPhoneSimulator.ActiveCfg = Release|Any CPU
		{81358979-9D9D-4CA0-84EC-C762F051573D}.Release|iPhoneSimulator.Build.0 = Release|Any CPU
		{81358979-9D9D-4CA0-84EC-C762F051573D}.Debug|iPhone.ActiveCfg = Debug|Any CPU
		{81358979-9D9D-4CA0-84EC-C762F051573D}.Debug|iPhone.Build.0 = Debug|Any CPU
		{81358979-9D9D-4CA0-84EC-C762F051573D}.Default|Any CPU.ActiveCfg = Debug|Any CPU
		{81358979-9D9D-4CA0-84EC-C762F051573D}.Default|Any CPU.Build.0 = Debug|Any CPU
		{81D86564-3F34-4A5B-BB1A-CCEB92CD4DE5}.Debug|Any CPU.ActiveCfg = Debug|iPhoneSimulator
		{81D86564-3F34-4A5B-BB1A-CCEB92CD4DE5}.Debug|Any CPU.Build.0 = Debug|iPhoneSimulator
		{81D86564-3F34-4A5B-BB1A-CCEB92CD4DE5}.Release|Any CPU.ActiveCfg = Release|iPhone
		{81D86564-3F34-4A5B-BB1A-CCEB92CD4DE5}.Release|Any CPU.Build.0 = Release|iPhone
		{81D86564-3F34-4A5B-BB1A-CCEB92CD4DE5}.Debug|iPhoneSimulator.ActiveCfg = Debug|iPhoneSimulator
		{81D86564-3F34-4A5B-BB1A-CCEB92CD4DE5}.Debug|iPhoneSimulator.Build.0 = Debug|iPhoneSimulator
		{81D86564-3F34-4A5B-BB1A-CCEB92CD4DE5}.Release|iPhone.ActiveCfg = Release|iPhone
		{81D86564-3F34-4A5B-BB1A-CCEB92CD4DE5}.Release|iPhone.Build.0 = Release|iPhone
		{81D86564-3F34-4A5B-BB1A-CCEB92CD4DE5}.Release|iPhoneSimulator.ActiveCfg = Release|iPhoneSimulator
		{81D86564-3F34-4A5B-BB1A-CCEB92CD4DE5}.Release|iPhoneSimulator.Build.0 = Release|iPhoneSimulator
		{81D86564-3F34-4A5B-BB1A-CCEB92CD4DE5}.Debug|iPhone.ActiveCfg = Debug|iPhone
		{81D86564-3F34-4A5B-BB1A-CCEB92CD4DE5}.Debug|iPhone.Build.0 = Debug|iPhone
		{81D86564-3F34-4A5B-BB1A-CCEB92CD4DE5}.Default|Any CPU.ActiveCfg = Debug|iPhoneSimulator
		{81D86564-3F34-4A5B-BB1A-CCEB92CD4DE5}.Default|Any CPU.Build.0 = Debug|iPhoneSimulator
		{8D63ADF5-33A4-4ED4-AC87-AACD8696F132}.Debug|Any CPU.ActiveCfg = Debug|Any CPU
		{8D63ADF5-33A4-4ED4-AC87-AACD8696F132}.Debug|Any CPU.Build.0 = Debug|Any CPU
		{8D63ADF5-33A4-4ED4-AC87-AACD8696F132}.Release|Any CPU.ActiveCfg = Release|Any CPU
		{8D63ADF5-33A4-4ED4-AC87-AACD8696F132}.Release|Any CPU.Build.0 = Release|Any CPU
		{8D63ADF5-33A4-4ED4-AC87-AACD8696F132}.Debug|iPhoneSimulator.ActiveCfg = Debug|Any CPU
		{8D63ADF5-33A4-4ED4-AC87-AACD8696F132}.Debug|iPhoneSimulator.Build.0 = Debug|Any CPU
		{8D63ADF5-33A4-4ED4-AC87-AACD8696F132}.Release|iPhone.ActiveCfg = Release|Any CPU
		{8D63ADF5-33A4-4ED4-AC87-AACD8696F132}.Release|iPhone.Build.0 = Release|Any CPU
		{8D63ADF5-33A4-4ED4-AC87-AACD8696F132}.Release|iPhoneSimulator.ActiveCfg = Release|Any CPU
		{8D63ADF5-33A4-4ED4-AC87-AACD8696F132}.Release|iPhoneSimulator.Build.0 = Release|Any CPU
		{8D63ADF5-33A4-4ED4-AC87-AACD8696F132}.Debug|iPhone.ActiveCfg = Debug|Any CPU
		{8D63ADF5-33A4-4ED4-AC87-AACD8696F132}.Debug|iPhone.Build.0 = Debug|Any CPU
		{8D63ADF5-33A4-4ED4-AC87-AACD8696F132}.Default|Any CPU.ActiveCfg = Debug|Any CPU
		{8D63ADF5-33A4-4ED4-AC87-AACD8696F132}.Default|Any CPU.Build.0 = Debug|Any CPU
		{8566E739-00F4-4E31-A9F0-B750EE785621}.Debug|Any CPU.ActiveCfg = Default|Any CPU
		{8566E739-00F4-4E31-A9F0-B750EE785621}.Debug|Any CPU.Build.0 = Default|Any CPU
		{8566E739-00F4-4E31-A9F0-B750EE785621}.Release|Any CPU.ActiveCfg = Default|Any CPU
		{8566E739-00F4-4E31-A9F0-B750EE785621}.Release|Any CPU.Build.0 = Default|Any CPU
		{8566E739-00F4-4E31-A9F0-B750EE785621}.Debug|iPhoneSimulator.ActiveCfg = Default|Any CPU
		{8566E739-00F4-4E31-A9F0-B750EE785621}.Debug|iPhoneSimulator.Build.0 = Default|Any CPU
		{8566E739-00F4-4E31-A9F0-B750EE785621}.Release|iPhone.ActiveCfg = Default|Any CPU
		{8566E739-00F4-4E31-A9F0-B750EE785621}.Release|iPhone.Build.0 = Default|Any CPU
		{8566E739-00F4-4E31-A9F0-B750EE785621}.Release|iPhoneSimulator.ActiveCfg = Default|Any CPU
		{8566E739-00F4-4E31-A9F0-B750EE785621}.Release|iPhoneSimulator.Build.0 = Default|Any CPU
		{8566E739-00F4-4E31-A9F0-B750EE785621}.Debug|iPhone.ActiveCfg = Default|Any CPU
		{8566E739-00F4-4E31-A9F0-B750EE785621}.Debug|iPhone.Build.0 = Default|Any CPU
		{8566E739-00F4-4E31-A9F0-B750EE785621}.Default|Any CPU.ActiveCfg = Default|Any CPU
		{8566E739-00F4-4E31-A9F0-B750EE785621}.Default|Any CPU.Build.0 = Default|Any CPU
	EndGlobalSection
EndGlobal
