
Microsoft Visual Studio Solution File, Format Version 12.00
# Visual Studio 2012
Project("{FAE04EC0-301F-11D3-BF4B-00C04F79EFBC}") = "PickerRecipe.Android", "PickerRecipe.Android\PickerRecipe.Android.csproj", "{F76D7ACA-FD97-4DC4-9338-5E2A3D01C0ED}"
EndProject
Project("{FAE04EC0-301F-11D3-BF4B-00C04F79EFBC}") = "PickerRecipe.iOS", "PickerRecipe.iOS\PickerRecipe.iOS.csproj", "{2492F3F5-149E-48C3-86CA-94BA68F5FA42}"
EndProject
Project("{FAE04EC0-301F-11D3-BF4B-00C04F79EFBC}") = "PickerRecipe", "PickerRecipe\PickerRecipe.csproj", "{F322BA07-B618-44F8-89BC-34767812065B}"
EndProject
Global
	GlobalSection(SolutionConfigurationPlatforms) = preSolution
		Debug|Any CPU = Debug|Any CPU
		Release|Any CPU = Release|Any CPU
		Debug|iPhoneSimulator = Debug|iPhoneSimulator
		Release|iPhoneSimulator = Release|iPhoneSimulator
		Debug|iPhone = Debug|iPhone
		Release|iPhone = Release|iPhone
		Ad-Hoc|iPhone = Ad-Hoc|iPhone
		AppStore|iPhone = AppStore|iPhone
	EndGlobalSection
	GlobalSection(ProjectConfigurationPlatforms) = postSolution
		{F76D7ACA-FD97-4DC4-9338-5E2A3D01C0ED}.Debug|Any CPU.ActiveCfg = Debug|Any CPU
		{F76D7ACA-FD97-4DC4-9338-5E2A3D01C0ED}.Debug|Any CPU.Build.0 = Debug|Any CPU
		{F76D7ACA-FD97-4DC4-9338-5E2A3D01C0ED}.Release|Any CPU.ActiveCfg = Release|Any CPU
		{F76D7ACA-FD97-4DC4-9338-5E2A3D01C0ED}.Release|Any CPU.Build.0 = Release|Any CPU
		{F76D7ACA-FD97-4DC4-9338-5E2A3D01C0ED}.Debug|iPhoneSimulator.ActiveCfg = Debug|Any CPU
		{F76D7ACA-FD97-4DC4-9338-5E2A3D01C0ED}.Debug|iPhoneSimulator.Build.0 = Debug|Any CPU
		{F76D7ACA-FD97-4DC4-9338-5E2A3D01C0ED}.Release|iPhoneSimulator.ActiveCfg = Release|Any CPU
		{F76D7ACA-FD97-4DC4-9338-5E2A3D01C0ED}.Release|iPhoneSimulator.Build.0 = Release|Any CPU
		{F76D7ACA-FD97-4DC4-9338-5E2A3D01C0ED}.Debug|iPhone.ActiveCfg = Debug|Any CPU
		{F76D7ACA-FD97-4DC4-9338-5E2A3D01C0ED}.Debug|iPhone.Build.0 = Debug|Any CPU
		{F76D7ACA-FD97-4DC4-9338-5E2A3D01C0ED}.Release|iPhone.ActiveCfg = Release|Any CPU
		{F76D7ACA-FD97-4DC4-9338-5E2A3D01C0ED}.Release|iPhone.Build.0 = Release|Any CPU
		{F76D7ACA-FD97-4DC4-9338-5E2A3D01C0ED}.Ad-Hoc|iPhone.ActiveCfg = Debug|Any CPU
		{F76D7ACA-FD97-4DC4-9338-5E2A3D01C0ED}.Ad-Hoc|iPhone.Build.0 = Debug|Any CPU
		{F76D7ACA-FD97-4DC4-9338-5E2A3D01C0ED}.AppStore|iPhone.ActiveCfg = Debug|Any CPU
		{F76D7ACA-FD97-4DC4-9338-5E2A3D01C0ED}.AppStore|iPhone.Build.0 = Debug|Any CPU
		{2492F3F5-149E-48C3-86CA-94BA68F5FA42}.Debug|Any CPU.ActiveCfg = Debug|iPhoneSimulator
		{2492F3F5-149E-48C3-86CA-94BA68F5FA42}.Debug|Any CPU.Build.0 = Debug|iPhoneSimulator
		{2492F3F5-149E-48C3-86CA-94BA68F5FA42}.Release|Any CPU.ActiveCfg = Release|iPhoneSimulator
		{2492F3F5-149E-48C3-86CA-94BA68F5FA42}.Release|Any CPU.Build.0 = Release|iPhoneSimulator
		{2492F3F5-149E-48C3-86CA-94BA68F5FA42}.Debug|iPhoneSimulator.ActiveCfg = Debug|iPhoneSimulator
		{2492F3F5-149E-48C3-86CA-94BA68F5FA42}.Debug|iPhoneSimulator.Build.0 = Debug|iPhoneSimulator
		{2492F3F5-149E-48C3-86CA-94BA68F5FA42}.Release|iPhoneSimulator.ActiveCfg = Release|iPhoneSimulator
		{2492F3F5-149E-48C3-86CA-94BA68F5FA42}.Release|iPhoneSimulator.Build.0 = Release|iPhoneSimulator
		{2492F3F5-149E-48C3-86CA-94BA68F5FA42}.Debug|iPhone.ActiveCfg = Debug|iPhone
		{2492F3F5-149E-48C3-86CA-94BA68F5FA42}.Debug|iPhone.Build.0 = Debug|iPhone
		{2492F3F5-149E-48C3-86CA-94BA68F5FA42}.Release|iPhone.ActiveCfg = Release|iPhone
		{2492F3F5-149E-48C3-86CA-94BA68F5FA42}.Release|iPhone.Build.0 = Release|iPhone
		{2492F3F5-149E-48C3-86CA-94BA68F5FA42}.Ad-Hoc|iPhone.ActiveCfg = Ad-Hoc|iPhone
		{2492F3F5-149E-48C3-86CA-94BA68F5FA42}.Ad-Hoc|iPhone.Build.0 = Ad-Hoc|iPhone
		{2492F3F5-149E-48C3-86CA-94BA68F5FA42}.AppStore|iPhone.ActiveCfg = AppStore|iPhone
		{2492F3F5-149E-48C3-86CA-94BA68F5FA42}.AppStore|iPhone.Build.0 = AppStore|iPhone
		{F322BA07-B618-44F8-89BC-34767812065B}.Debug|Any CPU.ActiveCfg = Debug|Any CPU
		{F322BA07-B618-44F8-89BC-34767812065B}.Debug|Any CPU.Build.0 = Debug|Any CPU
		{F322BA07-B618-44F8-89BC-34767812065B}.Release|Any CPU.ActiveCfg = Release|Any CPU
		{F322BA07-B618-44F8-89BC-34767812065B}.Release|Any CPU.Build.0 = Release|Any CPU
		{F322BA07-B618-44F8-89BC-34767812065B}.Debug|iPhoneSimulator.ActiveCfg = Debug|Any CPU
		{F322BA07-B618-44F8-89BC-34767812065B}.Debug|iPhoneSimulator.Build.0 = Debug|Any CPU
		{F322BA07-B618-44F8-89BC-34767812065B}.Release|iPhoneSimulator.ActiveCfg = Release|Any CPU
		{F322BA07-B618-44F8-89BC-34767812065B}.Release|iPhoneSimulator.Build.0 = Release|Any CPU
		{F322BA07-B618-44F8-89BC-34767812065B}.Debug|iPhone.ActiveCfg = Debug|Any CPU
		{F322BA07-B618-44F8-89BC-34767812065B}.Debug|iPhone.Build.0 = Debug|Any CPU
		{F322BA07-B618-44F8-89BC-34767812065B}.Release|iPhone.ActiveCfg = Release|Any CPU
		{F322BA07-B618-44F8-89BC-34767812065B}.Release|iPhone.Build.0 = Release|Any CPU
		{F322BA07-B618-44F8-89BC-34767812065B}.Ad-Hoc|iPhone.ActiveCfg = Debug|Any CPU
		{F322BA07-B618-44F8-89BC-34767812065B}.Ad-Hoc|iPhone.Build.0 = Debug|Any CPU
		{F322BA07-B618-44F8-89BC-34767812065B}.AppStore|iPhone.ActiveCfg = Debug|Any CPU
		{F322BA07-B618-44F8-89BC-34767812065B}.AppStore|iPhone.Build.0 = Debug|Any CPU
	EndGlobalSection
EndGlobal
