
Microsoft Visual Studio Solution File, Format Version 12.00
# Visual Studio 2012
Project("{FAE04EC0-301F-11D3-BF4B-00C04F79EFBC}") = "PropertiesRecipe", "PropertiesRecipe\PropertiesRecipe.csproj", "{9F6882CE-1340-4F23-B98A-306C4E521488}"
EndProject
Project("{FAE04EC0-301F-11D3-BF4B-00C04F79EFBC}") = "PropertiesRecipe.iOS", "iOS\PropertiesRecipe.iOS.csproj", "{FF306AA0-DCD5-400F-82B1-229D14EA0882}"
EndProject
Project("{FAE04EC0-301F-11D3-BF4B-00C04F79EFBC}") = "PropertiesRecipe.Droid", "Droid\PropertiesRecipe.Droid.csproj", "{A399A5C4-12F0-4191-9793-2573C7447845}"
EndProject
Global
	GlobalSection(SolutionConfigurationPlatforms) = preSolution
		Debug|Any CPU = Debug|Any CPU
		Release|Any CPU = Release|Any CPU
		Debug|iPhoneSimulator = Debug|iPhoneSimulator
		Release|iPhone = Release|iPhone
		Release|iPhoneSimulator = Release|iPhoneSimulator
		Debug|iPhone = Debug|iPhone
	EndGlobalSection
	GlobalSection(ProjectConfigurationPlatforms) = postSolution
		{9F6882CE-1340-4F23-B98A-306C4E521488}.Debug|Any CPU.ActiveCfg = Debug|Any CPU
		{9F6882CE-1340-4F23-B98A-306C4E521488}.Debug|Any CPU.Build.0 = Debug|Any CPU
		{9F6882CE-1340-4F23-B98A-306C4E521488}.Release|Any CPU.ActiveCfg = Release|Any CPU
		{9F6882CE-1340-4F23-B98A-306C4E521488}.Release|Any CPU.Build.0 = Release|Any CPU
		{9F6882CE-1340-4F23-B98A-306C4E521488}.Debug|iPhoneSimulator.ActiveCfg = Debug|Any CPU
		{9F6882CE-1340-4F23-B98A-306C4E521488}.Debug|iPhoneSimulator.Build.0 = Debug|Any CPU
		{9F6882CE-1340-4F23-B98A-306C4E521488}.Release|iPhone.ActiveCfg = Release|Any CPU
		{9F6882CE-1340-4F23-B98A-306C4E521488}.Release|iPhone.Build.0 = Release|Any CPU
		{9F6882CE-1340-4F23-B98A-306C4E521488}.Release|iPhoneSimulator.ActiveCfg = Release|Any CPU
		{9F6882CE-1340-4F23-B98A-306C4E521488}.Release|iPhoneSimulator.Build.0 = Release|Any CPU
		{9F6882CE-1340-4F23-B98A-306C4E521488}.Debug|iPhone.ActiveCfg = Debug|Any CPU
		{9F6882CE-1340-4F23-B98A-306C4E521488}.Debug|iPhone.Build.0 = Debug|Any CPU
		{FF306AA0-DCD5-400F-82B1-229D14EA0882}.Debug|Any CPU.ActiveCfg = Debug|iPhoneSimulator
		{FF306AA0-DCD5-400F-82B1-229D14EA0882}.Debug|Any CPU.Build.0 = Debug|iPhoneSimulator
		{FF306AA0-DCD5-400F-82B1-229D14EA0882}.Release|Any CPU.ActiveCfg = Release|iPhone
		{FF306AA0-DCD5-400F-82B1-229D14EA0882}.Release|Any CPU.Build.0 = Release|iPhone
		{FF306AA0-DCD5-400F-82B1-229D14EA0882}.Debug|iPhoneSimulator.ActiveCfg = Debug|iPhoneSimulator
		{FF306AA0-DCD5-400F-82B1-229D14EA0882}.Debug|iPhoneSimulator.Build.0 = Debug|iPhoneSimulator
		{FF306AA0-DCD5-400F-82B1-229D14EA0882}.Release|iPhone.ActiveCfg = Release|iPhone
		{FF306AA0-DCD5-400F-82B1-229D14EA0882}.Release|iPhone.Build.0 = Release|iPhone
		{FF306AA0-DCD5-400F-82B1-229D14EA0882}.Release|iPhoneSimulator.ActiveCfg = Release|iPhoneSimulator
		{FF306AA0-DCD5-400F-82B1-229D14EA0882}.Release|iPhoneSimulator.Build.0 = Release|iPhoneSimulator
		{FF306AA0-DCD5-400F-82B1-229D14EA0882}.Debug|iPhone.ActiveCfg = Debug|iPhone
		{FF306AA0-DCD5-400F-82B1-229D14EA0882}.Debug|iPhone.Build.0 = Debug|iPhone
		{A399A5C4-12F0-4191-9793-2573C7447845}.Debug|Any CPU.ActiveCfg = Debug|Any CPU
		{A399A5C4-12F0-4191-9793-2573C7447845}.Debug|Any CPU.Build.0 = Debug|Any CPU
		{A399A5C4-12F0-4191-9793-2573C7447845}.Release|Any CPU.ActiveCfg = Release|Any CPU
		{A399A5C4-12F0-4191-9793-2573C7447845}.Release|Any CPU.Build.0 = Release|Any CPU
		{A399A5C4-12F0-4191-9793-2573C7447845}.Debug|iPhoneSimulator.ActiveCfg = Debug|Any CPU
		{A399A5C4-12F0-4191-9793-2573C7447845}.Debug|iPhoneSimulator.Build.0 = Debug|Any CPU
		{A399A5C4-12F0-4191-9793-2573C7447845}.Release|iPhone.ActiveCfg = Release|Any CPU
		{A399A5C4-12F0-4191-9793-2573C7447845}.Release|iPhone.Build.0 = Release|Any CPU
		{A399A5C4-12F0-4191-9793-2573C7447845}.Release|iPhoneSimulator.ActiveCfg = Release|Any CPU
		{A399A5C4-12F0-4191-9793-2573C7447845}.Release|iPhoneSimulator.Build.0 = Release|Any CPU
		{A399A5C4-12F0-4191-9793-2573C7447845}.Debug|iPhone.ActiveCfg = Debug|Any CPU
		{A399A5C4-12F0-4191-9793-2573C7447845}.Debug|iPhone.Build.0 = Debug|Any CPU
	EndGlobalSection
EndGlobal
