
Microsoft Visual Studio Solution File, Format Version 12.00
# Visual Studio 15
Project("{FAE04EC0-301F-11D3-BF4B-00C04F79EFBC}") = "MapsRecipe.Android", "MapsRecipe.Android\MapsRecipe.Android.csproj", "{2B9D424B-AED0-4547-AD4E-2D443D0BA31E}"
EndProject
Project("{FAE04EC0-301F-11D3-BF4B-00C04F79EFBC}") = "MapsRecipe.iOS", "MapsRecipe.iOS\MapsRecipe.iOS.csproj", "{D7C17D9E-66C4-4E09-ACCC-27B87B2A0FD4}"
EndProject
Project("{FAE04EC0-301F-11D3-BF4B-00C04F79EFBC}") = "MapsRecipe", "MapsRecipe\MapsRecipe.csproj", "{30AD1C38-3E03-499C-BDB2-B2A1D1D374F3}"
EndProject
Global
	GlobalSection(SolutionConfigurationPlatforms) = preSolution
		Debug|Any CPU = Debug|Any CPU
		Release|Any CPU = Release|Any CPU
		Debug|iPhoneSimulator = Debug|iPhoneSimulator
		Release|iPhoneSimulator = Release|iPhoneSimulator
		Debug|iPhone = Debug|iPhone
		Release|iPhone = Release|iPhone
		Ad-Hoc|iPhone = Ad-Hoc|iPhone
		AppStore|iPhone = AppStore|iPhone
	EndGlobalSection
	GlobalSection(ProjectConfigurationPlatforms) = postSolution
		{2B9D424B-AED0-4547-AD4E-2D443D0BA31E}.Debug|Any CPU.ActiveCfg = Debug|Any CPU
		{2B9D424B-AED0-4547-AD4E-2D443D0BA31E}.Debug|Any CPU.Build.0 = Debug|Any CPU
		{2B9D424B-AED0-4547-AD4E-2D443D0BA31E}.Release|Any CPU.ActiveCfg = Release|Any CPU
		{2B9D424B-AED0-4547-AD4E-2D443D0BA31E}.Release|Any CPU.Build.0 = Release|Any CPU
		{2B9D424B-AED0-4547-AD4E-2D443D0BA31E}.Debug|iPhoneSimulator.ActiveCfg = Debug|Any CPU
		{2B9D424B-AED0-4547-AD4E-2D443D0BA31E}.Debug|iPhoneSimulator.Build.0 = Debug|Any CPU
		{2B9D424B-AED0-4547-AD4E-2D443D0BA31E}.Release|iPhoneSimulator.ActiveCfg = Release|Any CPU
		{2B9D424B-AED0-4547-AD4E-2D443D0BA31E}.Release|iPhoneSimulator.Build.0 = Release|Any CPU
		{2B9D424B-AED0-4547-AD4E-2D443D0BA31E}.Debug|iPhone.ActiveCfg = Debug|Any CPU
		{2B9D424B-AED0-4547-AD4E-2D443D0BA31E}.Debug|iPhone.Build.0 = Debug|Any CPU
		{2B9D424B-AED0-4547-AD4E-2D443D0BA31E}.Release|iPhone.ActiveCfg = Release|Any CPU
		{2B9D424B-AED0-4547-AD4E-2D443D0BA31E}.Release|iPhone.Build.0 = Release|Any CPU
		{2B9D424B-AED0-4547-AD4E-2D443D0BA31E}.Ad-Hoc|iPhone.ActiveCfg = Debug|Any CPU
		{2B9D424B-AED0-4547-AD4E-2D443D0BA31E}.Ad-Hoc|iPhone.Build.0 = Debug|Any CPU
		{2B9D424B-AED0-4547-AD4E-2D443D0BA31E}.AppStore|iPhone.ActiveCfg = Debug|Any CPU
		{2B9D424B-AED0-4547-AD4E-2D443D0BA31E}.AppStore|iPhone.Build.0 = Debug|Any CPU
		{D7C17D9E-66C4-4E09-ACCC-27B87B2A0FD4}.Debug|Any CPU.ActiveCfg = Debug|iPhoneSimulator
		{D7C17D9E-66C4-4E09-ACCC-27B87B2A0FD4}.Debug|Any CPU.Build.0 = Debug|iPhoneSimulator
		{D7C17D9E-66C4-4E09-ACCC-27B87B2A0FD4}.Release|Any CPU.ActiveCfg = Release|iPhoneSimulator
		{D7C17D9E-66C4-4E09-ACCC-27B87B2A0FD4}.Release|Any CPU.Build.0 = Release|iPhoneSimulator
		{D7C17D9E-66C4-4E09-ACCC-27B87B2A0FD4}.Debug|iPhoneSimulator.ActiveCfg = Debug|iPhoneSimulator
		{D7C17D9E-66C4-4E09-ACCC-27B87B2A0FD4}.Debug|iPhoneSimulator.Build.0 = Debug|iPhoneSimulator
		{D7C17D9E-66C4-4E09-ACCC-27B87B2A0FD4}.Release|iPhoneSimulator.ActiveCfg = Release|iPhoneSimulator
		{D7C17D9E-66C4-4E09-ACCC-27B87B2A0FD4}.Release|iPhoneSimulator.Build.0 = Release|iPhoneSimulator
		{D7C17D9E-66C4-4E09-ACCC-27B87B2A0FD4}.Debug|iPhone.ActiveCfg = Debug|iPhone
		{D7C17D9E-66C4-4E09-ACCC-27B87B2A0FD4}.Debug|iPhone.Build.0 = Debug|iPhone
		{D7C17D9E-66C4-4E09-ACCC-27B87B2A0FD4}.Release|iPhone.ActiveCfg = Release|iPhone
		{D7C17D9E-66C4-4E09-ACCC-27B87B2A0FD4}.Release|iPhone.Build.0 = Release|iPhone
		{D7C17D9E-66C4-4E09-ACCC-27B87B2A0FD4}.Ad-Hoc|iPhone.ActiveCfg = Ad-Hoc|iPhone
		{D7C17D9E-66C4-4E09-ACCC-27B87B2A0FD4}.Ad-Hoc|iPhone.Build.0 = Ad-Hoc|iPhone
		{D7C17D9E-66C4-4E09-ACCC-27B87B2A0FD4}.AppStore|iPhone.ActiveCfg = AppStore|iPhone
		{D7C17D9E-66C4-4E09-ACCC-27B87B2A0FD4}.AppStore|iPhone.Build.0 = AppStore|iPhone
		{30AD1C38-3E03-499C-BDB2-B2A1D1D374F3}.Debug|Any CPU.ActiveCfg = Debug|Any CPU
		{30AD1C38-3E03-499C-BDB2-B2A1D1D374F3}.Debug|Any CPU.Build.0 = Debug|Any CPU
		{30AD1C38-3E03-499C-BDB2-B2A1D1D374F3}.Release|Any CPU.ActiveCfg = Release|Any CPU
		{30AD1C38-3E03-499C-BDB2-B2A1D1D374F3}.Release|Any CPU.Build.0 = Release|Any CPU
		{30AD1C38-3E03-499C-BDB2-B2A1D1D374F3}.Debug|iPhoneSimulator.ActiveCfg = Debug|Any CPU
		{30AD1C38-3E03-499C-BDB2-B2A1D1D374F3}.Debug|iPhoneSimulator.Build.0 = Debug|Any CPU
		{30AD1C38-3E03-499C-BDB2-B2A1D1D374F3}.Release|iPhoneSimulator.ActiveCfg = Release|Any CPU
		{30AD1C38-3E03-499C-BDB2-B2A1D1D374F3}.Release|iPhoneSimulator.Build.0 = Release|Any CPU
		{30AD1C38-3E03-499C-BDB2-B2A1D1D374F3}.Debug|iPhone.ActiveCfg = Debug|Any CPU
		{30AD1C38-3E03-499C-BDB2-B2A1D1D374F3}.Debug|iPhone.Build.0 = Debug|Any CPU
		{30AD1C38-3E03-499C-BDB2-B2A1D1D374F3}.Release|iPhone.ActiveCfg = Release|Any CPU
		{30AD1C38-3E03-499C-BDB2-B2A1D1D374F3}.Release|iPhone.Build.0 = Release|Any CPU
		{30AD1C38-3E03-499C-BDB2-B2A1D1D374F3}.Ad-Hoc|iPhone.ActiveCfg = Debug|Any CPU
		{30AD1C38-3E03-499C-BDB2-B2A1D1D374F3}.Ad-Hoc|iPhone.Build.0 = Debug|Any CPU
		{30AD1C38-3E03-499C-BDB2-B2A1D1D374F3}.AppStore|iPhone.ActiveCfg = Debug|Any CPU
		{30AD1C38-3E03-499C-BDB2-B2A1D1D374F3}.AppStore|iPhone.Build.0 = Debug|Any CPU
	EndGlobalSection
EndGlobal
