
Microsoft Visual Studio Solution File, Format Version 12.00
# Visual Studio 15
Project("{FAE04EC0-301F-11D3-BF4B-00C04F79EFBC}") = "ComplexNavigation.Android", "ComplexNavigation.Android\ComplexNavigation.Android.csproj", "{CF877BB7-FD65-4673-AAA4-0E5D9E5DFBE9}"
EndProject
Project("{FAE04EC0-301F-11D3-BF4B-00C04F79EFBC}") = "ComplexNavigation.iOS", "ComplexNavigation.iOS\ComplexNavigation.iOS.csproj", "{D3C221D6-5105-4D06-AD22-C30BB182A0F8}"
EndProject
Project("{FAE04EC0-301F-11D3-BF4B-00C04F79EFBC}") = "ComplexNavigation", "ComplexNavigation\ComplexNavigation.csproj", "{11B99A69-2813-466F-A312-19B5C9E6271E}"
EndProject
Global
	GlobalSection(SolutionConfigurationPlatforms) = preSolution
		Debug|Any CPU = Debug|Any CPU
		Release|Any CPU = Release|Any CPU
		Debug|iPhoneSimulator = Debug|iPhoneSimulator
		Release|iPhoneSimulator = Release|iPhoneSimulator
		Debug|iPhone = Debug|iPhone
		Release|iPhone = Release|iPhone
	EndGlobalSection
	GlobalSection(ProjectConfigurationPlatforms) = postSolution
		{CF877BB7-FD65-4673-AAA4-0E5D9E5DFBE9}.Debug|Any CPU.ActiveCfg = Debug|Any CPU
		{CF877BB7-FD65-4673-AAA4-0E5D9E5DFBE9}.Debug|Any CPU.Build.0 = Debug|Any CPU
		{CF877BB7-FD65-4673-AAA4-0E5D9E5DFBE9}.Release|Any CPU.ActiveCfg = Release|Any CPU
		{CF877BB7-FD65-4673-AAA4-0E5D9E5DFBE9}.Release|Any CPU.Build.0 = Release|Any CPU
		{CF877BB7-FD65-4673-AAA4-0E5D9E5DFBE9}.Debug|iPhoneSimulator.ActiveCfg = Debug|Any CPU
		{CF877BB7-FD65-4673-AAA4-0E5D9E5DFBE9}.Debug|iPhoneSimulator.Build.0 = Debug|Any CPU
		{CF877BB7-FD65-4673-AAA4-0E5D9E5DFBE9}.Release|iPhoneSimulator.ActiveCfg = Release|Any CPU
		{CF877BB7-FD65-4673-AAA4-0E5D9E5DFBE9}.Release|iPhoneSimulator.Build.0 = Release|Any CPU
		{CF877BB7-FD65-4673-AAA4-0E5D9E5DFBE9}.Debug|iPhone.ActiveCfg = Debug|Any CPU
		{CF877BB7-FD65-4673-AAA4-0E5D9E5DFBE9}.Debug|iPhone.Build.0 = Debug|Any CPU
		{CF877BB7-FD65-4673-AAA4-0E5D9E5DFBE9}.Release|iPhone.ActiveCfg = Release|Any CPU
		{CF877BB7-FD65-4673-AAA4-0E5D9E5DFBE9}.Release|iPhone.Build.0 = Release|Any CPU
		{D3C221D6-5105-4D06-AD22-C30BB182A0F8}.Debug|Any CPU.ActiveCfg = Debug|iPhoneSimulator
		{D3C221D6-5105-4D06-AD22-C30BB182A0F8}.Debug|Any CPU.Build.0 = Debug|iPhoneSimulator
		{D3C221D6-5105-4D06-AD22-C30BB182A0F8}.Release|Any CPU.ActiveCfg = Release|iPhoneSimulator
		{D3C221D6-5105-4D06-AD22-C30BB182A0F8}.Release|Any CPU.Build.0 = Release|iPhoneSimulator
		{D3C221D6-5105-4D06-AD22-C30BB182A0F8}.Debug|iPhoneSimulator.ActiveCfg = Debug|iPhoneSimulator
		{D3C221D6-5105-4D06-AD22-C30BB182A0F8}.Debug|iPhoneSimulator.Build.0 = Debug|iPhoneSimulator
		{D3C221D6-5105-4D06-AD22-C30BB182A0F8}.Release|iPhoneSimulator.ActiveCfg = Release|iPhoneSimulator
		{D3C221D6-5105-4D06-AD22-C30BB182A0F8}.Release|iPhoneSimulator.Build.0 = Release|iPhoneSimulator
		{D3C221D6-5105-4D06-AD22-C30BB182A0F8}.Debug|iPhone.ActiveCfg = Debug|iPhone
		{D3C221D6-5105-4D06-AD22-C30BB182A0F8}.Debug|iPhone.Build.0 = Debug|iPhone
		{D3C221D6-5105-4D06-AD22-C30BB182A0F8}.Release|iPhone.ActiveCfg = Release|iPhone
		{D3C221D6-5105-4D06-AD22-C30BB182A0F8}.Release|iPhone.Build.0 = Release|iPhone
		{11B99A69-2813-466F-A312-19B5C9E6271E}.Debug|Any CPU.ActiveCfg = Debug|Any CPU
		{11B99A69-2813-466F-A312-19B5C9E6271E}.Debug|Any CPU.Build.0 = Debug|Any CPU
		{11B99A69-2813-466F-A312-19B5C9E6271E}.Release|Any CPU.ActiveCfg = Release|Any CPU
		{11B99A69-2813-466F-A312-19B5C9E6271E}.Release|Any CPU.Build.0 = Release|Any CPU
		{11B99A69-2813-466F-A312-19B5C9E6271E}.Debug|iPhoneSimulator.ActiveCfg = Debug|Any CPU
		{11B99A69-2813-466F-A312-19B5C9E6271E}.Debug|iPhoneSimulator.Build.0 = Debug|Any CPU
		{11B99A69-2813-466F-A312-19B5C9E6271E}.Release|iPhoneSimulator.ActiveCfg = Release|Any CPU
		{11B99A69-2813-466F-A312-19B5C9E6271E}.Release|iPhoneSimulator.Build.0 = Release|Any CPU
		{11B99A69-2813-466F-A312-19B5C9E6271E}.Debug|iPhone.ActiveCfg = Debug|Any CPU
		{11B99A69-2813-466F-A312-19B5C9E6271E}.Debug|iPhone.Build.0 = Debug|Any CPU
		{11B99A69-2813-466F-A312-19B5C9E6271E}.Release|iPhone.ActiveCfg = Release|Any CPU
		{11B99A69-2813-466F-A312-19B5C9E6271E}.Release|iPhone.Build.0 = Release|Any CPU
	EndGlobalSection
EndGlobal
