
Microsoft Visual Studio Solution File, Format Version 12.00
# Visual Studio Version 17
VisualStudioVersion = 17.0.31611.283
MinimumVisualStudioVersion = 10.0.40219.1
Project("{9A19103F-16F7-4668-BE54-9A1E7A4F7556}") = "SQLiteRecipe", "SQLiteRecipe\SQLiteRecipe.csproj", "{DC336EA0-4A06-4A7F-8100-DED34BA52DEA}"
EndProject
Project("{9A19103F-16F7-4668-BE54-9A1E7A4F7556}") = "SQLiteRecipe.Core.Ports", "SQLiteRecipe.Core.Ports\SQLiteRecipe.Core.Ports.csproj", "{65163D80-D0FA-4F32-979C-2AB5CA3ABF9E}"
EndProject
Project("{9A19103F-16F7-4668-BE54-9A1E7A4F7556}") = "SQLiteRecipe.Infrastructure.Database", "SQLiteRecipe.Infrastructure.Database\SQLiteRecipe.Infrastructure.Database.csproj", "{993E37D9-99E1-49F9-84AF-C3BFD0BE69AD}"
EndProject
Project("{9A19103F-16F7-4668-BE54-9A1E7A4F7556}") = "SQLiteRecipe.Infrastructure.Database.Tests", "SQLiteRecipe.Infrastructure.Database.Tests\SQLiteRecipe.Infrastructure.Database.Tests.csproj", "{718B6564-F113-4B3A-A07F-2A736C1C27FA}"
EndProject
Global
	GlobalSection(SolutionConfigurationPlatforms) = preSolution
		Debug|Any CPU = Debug|Any CPU
		Release|Any CPU = Release|Any CPU
	EndGlobalSection
	GlobalSection(ProjectConfigurationPlatforms) = postSolution
		{DC336EA0-4A06-4A7F-8100-DED34BA52DEA}.Debug|Any CPU.ActiveCfg = Debug|Any CPU
		{DC336EA0-4A06-4A7F-8100-DED34BA52DEA}.Debug|Any CPU.Build.0 = Debug|Any CPU
		{DC336EA0-4A06-4A7F-8100-DED34BA52DEA}.Debug|Any CPU.Deploy.0 = Debug|Any CPU
		{DC336EA0-4A06-4A7F-8100-DED34BA52DEA}.Release|Any CPU.ActiveCfg = Release|Any CPU
		{DC336EA0-4A06-4A7F-8100-DED34BA52DEA}.Release|Any CPU.Build.0 = Release|Any CPU
		{DC336EA0-4A06-4A7F-8100-DED34BA52DEA}.Release|Any CPU.Deploy.0 = Release|Any CPU
		{65163D80-D0FA-4F32-979C-2AB5CA3ABF9E}.Debug|Any CPU.ActiveCfg = Debug|Any CPU
		{65163D80-D0FA-4F32-979C-2AB5CA3ABF9E}.Debug|Any CPU.Build.0 = Debug|Any CPU
		{65163D80-D0FA-4F32-979C-2AB5CA3ABF9E}.Release|Any CPU.ActiveCfg = Release|Any CPU
		{65163D80-D0FA-4F32-979C-2AB5CA3ABF9E}.Release|Any CPU.Build.0 = Release|Any CPU
		{993E37D9-99E1-49F9-84AF-C3BFD0BE69AD}.Debug|Any CPU.ActiveCfg = Debug|Any CPU
		{993E37D9-99E1-49F9-84AF-C3BFD0BE69AD}.Debug|Any CPU.Build.0 = Debug|Any CPU
		{993E37D9-99E1-49F9-84AF-C3BFD0BE69AD}.Release|Any CPU.ActiveCfg = Release|Any CPU
		{993E37D9-99E1-49F9-84AF-C3BFD0BE69AD}.Release|Any CPU.Build.0 = Release|Any CPU
		{718B6564-F113-4B3A-A07F-2A736C1C27FA}.Debug|Any CPU.ActiveCfg = Debug|Any CPU
		{718B6564-F113-4B3A-A07F-2A736C1C27FA}.Debug|Any CPU.Build.0 = Debug|Any CPU
		{718B6564-F113-4B3A-A07F-2A736C1C27FA}.Release|Any CPU.ActiveCfg = Release|Any CPU
		{718B6564-F113-4B3A-A07F-2A736C1C27FA}.Release|Any CPU.Build.0 = Release|Any CPU
	EndGlobalSection
	GlobalSection(SolutionProperties) = preSolution
		HideSolutionNode = FALSE
	EndGlobalSection
	GlobalSection(ExtensibilityGlobals) = postSolution
		SolutionGuid = {61F7FB11-1E47-470C-91E2-47F8143E1572}
	EndGlobalSection
EndGlobal
