
Microsoft Visual Studio Solution File, Format Version 12.00
# Visual Studio 15
Project("{FAE04EC0-301F-11D3-BF4B-00C04F79EFBC}") = "SQLiteRecipe.Android", "SQLiteRecipe.Android\SQLiteRecipe.Android.csproj", "{7F1CFEFB-56F1-4EB7-8E61-689963B19607}"
EndProject
Project("{FAE04EC0-301F-11D3-BF4B-00C04F79EFBC}") = "SQLiteRecipe.iOS", "SQLiteRecipe.iOS\SQLiteRecipe.iOS.csproj", "{73EC5F3F-9D38-4424-AC16-DD76D8F6A225}"
EndProject
Project("{FAE04EC0-301F-11D3-BF4B-00C04F79EFBC}") = "SQLiteRecipe", "SQLiteRecipe\SQLiteRecipe.csproj", "{C3944A46-B5FE-4047-B425-E93F69C05677}"
EndProject
Project("{FAE04EC0-301F-11D3-BF4B-00C04F79EFBC}") = "SQLiteRecipe.Core.Ports", "SQLiteRecipe.Core.Ports\SQLiteRecipe.Core.Ports.csproj", "{0C0A69B3-D2E3-4AE7-8C57-76226D15D8CF}"
EndProject
Project("{FAE04EC0-301F-11D3-BF4B-00C04F79EFBC}") = "SQLiteRecipe.Infrastructure.Database", "SQLiteRecipe.Infrastructure.Database\SQLiteRecipe.Infrastructure.Database.csproj", "{FC605364-A4F8-462D-8922-F0A842CB1936}"
EndProject
Project("{FAE04EC0-301F-11D3-BF4B-00C04F79EFBC}") = "SQLiteRecipe.Infrastructure.Database.Tests", "SQLiteRecipe.Infrastructure.Database.Tests\SQLiteRecipe.Infrastructure.Database.Tests.csproj", "{25197539-AE8E-4A80-8459-9D11BFF97D8E}"
EndProject
Global
	GlobalSection(SolutionConfigurationPlatforms) = preSolution
		Debug|Any CPU = Debug|Any CPU
		Release|Any CPU = Release|Any CPU
		Debug|iPhoneSimulator = Debug|iPhoneSimulator
		Release|iPhoneSimulator = Release|iPhoneSimulator
		Debug|iPhone = Debug|iPhone
		Release|iPhone = Release|iPhone
	EndGlobalSection
	GlobalSection(ProjectConfigurationPlatforms) = postSolution
		{7F1CFEFB-56F1-4EB7-8E61-689963B19607}.Debug|Any CPU.ActiveCfg = Debug|Any CPU
		{7F1CFEFB-56F1-4EB7-8E61-689963B19607}.Debug|Any CPU.Build.0 = Debug|Any CPU
		{7F1CFEFB-56F1-4EB7-8E61-689963B19607}.Release|Any CPU.ActiveCfg = Release|Any CPU
		{7F1CFEFB-56F1-4EB7-8E61-689963B19607}.Release|Any CPU.Build.0 = Release|Any CPU
		{7F1CFEFB-56F1-4EB7-8E61-689963B19607}.Debug|iPhoneSimulator.ActiveCfg = Debug|Any CPU
		{7F1CFEFB-56F1-4EB7-8E61-689963B19607}.Debug|iPhoneSimulator.Build.0 = Debug|Any CPU
		{7F1CFEFB-56F1-4EB7-8E61-689963B19607}.Release|iPhoneSimulator.ActiveCfg = Release|Any CPU
		{7F1CFEFB-56F1-4EB7-8E61-689963B19607}.Release|iPhoneSimulator.Build.0 = Release|Any CPU
		{7F1CFEFB-56F1-4EB7-8E61-689963B19607}.Debug|iPhone.ActiveCfg = Debug|Any CPU
		{7F1CFEFB-56F1-4EB7-8E61-689963B19607}.Debug|iPhone.Build.0 = Debug|Any CPU
		{7F1CFEFB-56F1-4EB7-8E61-689963B19607}.Release|iPhone.ActiveCfg = Release|Any CPU
		{7F1CFEFB-56F1-4EB7-8E61-689963B19607}.Release|iPhone.Build.0 = Release|Any CPU
		{73EC5F3F-9D38-4424-AC16-DD76D8F6A225}.Debug|Any CPU.ActiveCfg = Debug|iPhoneSimulator
		{73EC5F3F-9D38-4424-AC16-DD76D8F6A225}.Debug|Any CPU.Build.0 = Debug|iPhoneSimulator
		{73EC5F3F-9D38-4424-AC16-DD76D8F6A225}.Release|Any CPU.ActiveCfg = Release|iPhoneSimulator
		{73EC5F3F-9D38-4424-AC16-DD76D8F6A225}.Release|Any CPU.Build.0 = Release|iPhoneSimulator
		{73EC5F3F-9D38-4424-AC16-DD76D8F6A225}.Debug|iPhoneSimulator.ActiveCfg = Debug|iPhoneSimulator
		{73EC5F3F-9D38-4424-AC16-DD76D8F6A225}.Debug|iPhoneSimulator.Build.0 = Debug|iPhoneSimulator
		{73EC5F3F-9D38-4424-AC16-DD76D8F6A225}.Release|iPhoneSimulator.ActiveCfg = Release|iPhoneSimulator
		{73EC5F3F-9D38-4424-AC16-DD76D8F6A225}.Release|iPhoneSimulator.Build.0 = Release|iPhoneSimulator
		{73EC5F3F-9D38-4424-AC16-DD76D8F6A225}.Debug|iPhone.ActiveCfg = Debug|iPhone
		{73EC5F3F-9D38-4424-AC16-DD76D8F6A225}.Debug|iPhone.Build.0 = Debug|iPhone
		{73EC5F3F-9D38-4424-AC16-DD76D8F6A225}.Release|iPhone.ActiveCfg = Release|iPhone
		{73EC5F3F-9D38-4424-AC16-DD76D8F6A225}.Release|iPhone.Build.0 = Release|iPhone
		{C3944A46-B5FE-4047-B425-E93F69C05677}.Debug|Any CPU.ActiveCfg = Debug|Any CPU
		{C3944A46-B5FE-4047-B425-E93F69C05677}.Debug|Any CPU.Build.0 = Debug|Any CPU
		{C3944A46-B5FE-4047-B425-E93F69C05677}.Release|Any CPU.ActiveCfg = Release|Any CPU
		{C3944A46-B5FE-4047-B425-E93F69C05677}.Release|Any CPU.Build.0 = Release|Any CPU
		{C3944A46-B5FE-4047-B425-E93F69C05677}.Debug|iPhoneSimulator.ActiveCfg = Debug|Any CPU
		{C3944A46-B5FE-4047-B425-E93F69C05677}.Debug|iPhoneSimulator.Build.0 = Debug|Any CPU
		{C3944A46-B5FE-4047-B425-E93F69C05677}.Release|iPhoneSimulator.ActiveCfg = Release|Any CPU
		{C3944A46-B5FE-4047-B425-E93F69C05677}.Release|iPhoneSimulator.Build.0 = Release|Any CPU
		{C3944A46-B5FE-4047-B425-E93F69C05677}.Debug|iPhone.ActiveCfg = Debug|Any CPU
		{C3944A46-B5FE-4047-B425-E93F69C05677}.Debug|iPhone.Build.0 = Debug|Any CPU
		{C3944A46-B5FE-4047-B425-E93F69C05677}.Release|iPhone.ActiveCfg = Release|Any CPU
		{C3944A46-B5FE-4047-B425-E93F69C05677}.Release|iPhone.Build.0 = Release|Any CPU
		{0C0A69B3-D2E3-4AE7-8C57-76226D15D8CF}.Debug|Any CPU.ActiveCfg = Debug|Any CPU
		{0C0A69B3-D2E3-4AE7-8C57-76226D15D8CF}.Debug|Any CPU.Build.0 = Debug|Any CPU
		{0C0A69B3-D2E3-4AE7-8C57-76226D15D8CF}.Release|Any CPU.ActiveCfg = Release|Any CPU
		{0C0A69B3-D2E3-4AE7-8C57-76226D15D8CF}.Release|Any CPU.Build.0 = Release|Any CPU
		{0C0A69B3-D2E3-4AE7-8C57-76226D15D8CF}.Debug|iPhoneSimulator.ActiveCfg = Debug|Any CPU
		{0C0A69B3-D2E3-4AE7-8C57-76226D15D8CF}.Debug|iPhoneSimulator.Build.0 = Debug|Any CPU
		{0C0A69B3-D2E3-4AE7-8C57-76226D15D8CF}.Release|iPhoneSimulator.ActiveCfg = Release|Any CPU
		{0C0A69B3-D2E3-4AE7-8C57-76226D15D8CF}.Release|iPhoneSimulator.Build.0 = Release|Any CPU
		{0C0A69B3-D2E3-4AE7-8C57-76226D15D8CF}.Debug|iPhone.ActiveCfg = Debug|Any CPU
		{0C0A69B3-D2E3-4AE7-8C57-76226D15D8CF}.Debug|iPhone.Build.0 = Debug|Any CPU
		{0C0A69B3-D2E3-4AE7-8C57-76226D15D8CF}.Release|iPhone.ActiveCfg = Release|Any CPU
		{0C0A69B3-D2E3-4AE7-8C57-76226D15D8CF}.Release|iPhone.Build.0 = Release|Any CPU
		{FC605364-A4F8-462D-8922-F0A842CB1936}.Debug|Any CPU.ActiveCfg = Debug|Any CPU
		{FC605364-A4F8-462D-8922-F0A842CB1936}.Debug|Any CPU.Build.0 = Debug|Any CPU
		{FC605364-A4F8-462D-8922-F0A842CB1936}.Release|Any CPU.ActiveCfg = Release|Any CPU
		{FC605364-A4F8-462D-8922-F0A842CB1936}.Release|Any CPU.Build.0 = Release|Any CPU
		{FC605364-A4F8-462D-8922-F0A842CB1936}.Debug|iPhoneSimulator.ActiveCfg = Debug|Any CPU
		{FC605364-A4F8-462D-8922-F0A842CB1936}.Debug|iPhoneSimulator.Build.0 = Debug|Any CPU
		{FC605364-A4F8-462D-8922-F0A842CB1936}.Release|iPhoneSimulator.ActiveCfg = Release|Any CPU
		{FC605364-A4F8-462D-8922-F0A842CB1936}.Release|iPhoneSimulator.Build.0 = Release|Any CPU
		{FC605364-A4F8-462D-8922-F0A842CB1936}.Debug|iPhone.ActiveCfg = Debug|Any CPU
		{FC605364-A4F8-462D-8922-F0A842CB1936}.Debug|iPhone.Build.0 = Debug|Any CPU
		{FC605364-A4F8-462D-8922-F0A842CB1936}.Release|iPhone.ActiveCfg = Release|Any CPU
		{FC605364-A4F8-462D-8922-F0A842CB1936}.Release|iPhone.Build.0 = Release|Any CPU
		{25197539-AE8E-4A80-8459-9D11BFF97D8E}.Debug|Any CPU.ActiveCfg = Debug|Any CPU
		{25197539-AE8E-4A80-8459-9D11BFF97D8E}.Debug|Any CPU.Build.0 = Debug|Any CPU
		{25197539-AE8E-4A80-8459-9D11BFF97D8E}.Release|Any CPU.ActiveCfg = Release|Any CPU
		{25197539-AE8E-4A80-8459-9D11BFF97D8E}.Release|Any CPU.Build.0 = Release|Any CPU
		{25197539-AE8E-4A80-8459-9D11BFF97D8E}.Debug|iPhoneSimulator.ActiveCfg = Debug|Any CPU
		{25197539-AE8E-4A80-8459-9D11BFF97D8E}.Debug|iPhoneSimulator.Build.0 = Debug|Any CPU
		{25197539-AE8E-4A80-8459-9D11BFF97D8E}.Release|iPhoneSimulator.ActiveCfg = Release|Any CPU
		{25197539-AE8E-4A80-8459-9D11BFF97D8E}.Release|iPhoneSimulator.Build.0 = Release|Any CPU
		{25197539-AE8E-4A80-8459-9D11BFF97D8E}.Debug|iPhone.ActiveCfg = Debug|Any CPU
		{25197539-AE8E-4A80-8459-9D11BFF97D8E}.Debug|iPhone.Build.0 = Debug|Any CPU
		{25197539-AE8E-4A80-8459-9D11BFF97D8E}.Release|iPhone.ActiveCfg = Release|Any CPU
		{25197539-AE8E-4A80-8459-9D11BFF97D8E}.Release|iPhone.Build.0 = Release|Any CPU
	EndGlobalSection
EndGlobal
