
Microsoft Visual Studio Solution File, Format Version 12.00
# Visual Studio Version 17
VisualStudioVersion = 17.1.32120.378
MinimumVisualStudioVersion = 10.0.40219.1
Project("{9A19103F-16F7-4668-BE54-9A1E7A4F7556}") = "UltimateAnswer.Infrastructure", "UltimateAnswer.Infrastructure\UltimateAnswer.Infrastructure.csproj", "{3DB94A82-48F4-4EF0-BB94-F3743818CB39}"
EndProject
Project("{9A19103F-16F7-4668-BE54-9A1E7A4F7556}") = "UltimateAnswer.Infrastructure.Tests", "UltimateAnswer.Infrastructure.Tests\UltimateAnswer.Infrastructure.Tests.csproj", "{F799AC36-A0DA-4592-BD40-814478A893D9}"
EndProject
Project("{9A19103F-16F7-4668-BE54-9A1E7A4F7556}") = "UltimateAnswer.Core", "UltimateAnswer.Core\UltimateAnswer.Core.csproj", "{B1B9805A-CBB8-4F8B-9F9F-313DE2E2BAAF}"
EndProject
Project("{9A19103F-16F7-4668-BE54-9A1E7A4F7556}") = "UltimateAnswer.Core.Tests", "UltimateAnswer.Core.Tests\UltimateAnswer.Core.Tests.csproj", "{41016B19-148D-4AA4-863A-3FC0227F3479}"
EndProject
Project("{9A19103F-16F7-4668-BE54-9A1E7A4F7556}") = "UltimateAnswer.Console", "UltimateAnswer.Console\UltimateAnswer.Console.csproj", "{3427DFB9-8A9D-4C2A-93B4-5BCFE0D0418F}"
EndProject
Project("{9A19103F-16F7-4668-BE54-9A1E7A4F7556}") = "UltimateAnswer", "UltimateAnswer\UltimateAnswer.csproj", "{C78341F1-6524-4481-9DF6-2321D3849FA9}"
EndProject
Global
	GlobalSection(SolutionConfigurationPlatforms) = preSolution
		Debug|Any CPU = Debug|Any CPU
		Release|Any CPU = Release|Any CPU
	EndGlobalSection
	GlobalSection(ProjectConfigurationPlatforms) = postSolution
		{3DB94A82-48F4-4EF0-BB94-F3743818CB39}.Debug|Any CPU.ActiveCfg = Debug|Any CPU
		{3DB94A82-48F4-4EF0-BB94-F3743818CB39}.Debug|Any CPU.Build.0 = Debug|Any CPU
		{3DB94A82-48F4-4EF0-BB94-F3743818CB39}.Release|Any CPU.ActiveCfg = Release|Any CPU
		{3DB94A82-48F4-4EF0-BB94-F3743818CB39}.Release|Any CPU.Build.0 = Release|Any CPU
		{F799AC36-A0DA-4592-BD40-814478A893D9}.Debug|Any CPU.ActiveCfg = Debug|Any CPU
		{F799AC36-A0DA-4592-BD40-814478A893D9}.Debug|Any CPU.Build.0 = Debug|Any CPU
		{F799AC36-A0DA-4592-BD40-814478A893D9}.Release|Any CPU.ActiveCfg = Release|Any CPU
		{F799AC36-A0DA-4592-BD40-814478A893D9}.Release|Any CPU.Build.0 = Release|Any CPU
		{B1B9805A-CBB8-4F8B-9F9F-313DE2E2BAAF}.Debug|Any CPU.ActiveCfg = Debug|Any CPU
		{B1B9805A-CBB8-4F8B-9F9F-313DE2E2BAAF}.Debug|Any CPU.Build.0 = Debug|Any CPU
		{B1B9805A-CBB8-4F8B-9F9F-313DE2E2BAAF}.Release|Any CPU.ActiveCfg = Release|Any CPU
		{B1B9805A-CBB8-4F8B-9F9F-313DE2E2BAAF}.Release|Any CPU.Build.0 = Release|Any CPU
		{41016B19-148D-4AA4-863A-3FC0227F3479}.Debug|Any CPU.ActiveCfg = Debug|Any CPU
		{41016B19-148D-4AA4-863A-3FC0227F3479}.Debug|Any CPU.Build.0 = Debug|Any CPU
		{41016B19-148D-4AA4-863A-3FC0227F3479}.Release|Any CPU.ActiveCfg = Release|Any CPU
		{41016B19-148D-4AA4-863A-3FC0227F3479}.Release|Any CPU.Build.0 = Release|Any CPU
		{3427DFB9-8A9D-4C2A-93B4-5BCFE0D0418F}.Debug|Any CPU.ActiveCfg = Debug|Any CPU
		{3427DFB9-8A9D-4C2A-93B4-5BCFE0D0418F}.Debug|Any CPU.Build.0 = Debug|Any CPU
		{3427DFB9-8A9D-4C2A-93B4-5BCFE0D0418F}.Release|Any CPU.ActiveCfg = Release|Any CPU
		{3427DFB9-8A9D-4C2A-93B4-5BCFE0D0418F}.Release|Any CPU.Build.0 = Release|Any CPU
		{C78341F1-6524-4481-9DF6-2321D3849FA9}.Debug|Any CPU.ActiveCfg = Debug|Any CPU
		{C78341F1-6524-4481-9DF6-2321D3849FA9}.Debug|Any CPU.Build.0 = Debug|Any CPU
		{C78341F1-6524-4481-9DF6-2321D3849FA9}.Debug|Any CPU.Deploy.0 = Debug|Any CPU
		{C78341F1-6524-4481-9DF6-2321D3849FA9}.Release|Any CPU.ActiveCfg = Release|Any CPU
		{C78341F1-6524-4481-9DF6-2321D3849FA9}.Release|Any CPU.Build.0 = Release|Any CPU
		{C78341F1-6524-4481-9DF6-2321D3849FA9}.Release|Any CPU.Deploy.0 = Release|Any CPU
	EndGlobalSection
	GlobalSection(SolutionProperties) = preSolution
		HideSolutionNode = FALSE
	EndGlobalSection
	GlobalSection(ExtensibilityGlobals) = postSolution
		SolutionGuid = {97E261F2-6699-4E8A-8AC1-6ED5175265A9}
	EndGlobalSection
EndGlobal
