
Microsoft Visual Studio Solution File, Format Version 12.00
# Visual Studio 15
Project("{FAE04EC0-301F-11D3-BF4B-00C04F79EFBC}") = "StylingRecipe.Android", "StylingRecipe.Android\StylingRecipe.Android.csproj", "{D23BB685-9310-46BA-814C-9FFF19114E60}"
EndProject
Project("{FAE04EC0-301F-11D3-BF4B-00C04F79EFBC}") = "StylingRecipe.iOS", "StylingRecipe.iOS\StylingRecipe.iOS.csproj", "{42F906B2-4BE4-447A-9503-5E3269EC91D4}"
EndProject
Project("{FAE04EC0-301F-11D3-BF4B-00C04F79EFBC}") = "StylingRecipe", "StylingRecipe\StylingRecipe.csproj", "{008078DF-5745-4CE7-9487-B0CA771EE618}"
EndProject
Global
	GlobalSection(SolutionConfigurationPlatforms) = preSolution
		Debug|Any CPU = Debug|Any CPU
		Release|Any CPU = Release|Any CPU
		Debug|iPhoneSimulator = Debug|iPhoneSimulator
		Release|iPhoneSimulator = Release|iPhoneSimulator
		Debug|iPhone = Debug|iPhone
		Release|iPhone = Release|iPhone
	EndGlobalSection
	GlobalSection(ProjectConfigurationPlatforms) = postSolution
		{D23BB685-9310-46BA-814C-9FFF19114E60}.Debug|Any CPU.ActiveCfg = Debug|Any CPU
		{D23BB685-9310-46BA-814C-9FFF19114E60}.Debug|Any CPU.Build.0 = Debug|Any CPU
		{D23BB685-9310-46BA-814C-9FFF19114E60}.Release|Any CPU.ActiveCfg = Release|Any CPU
		{D23BB685-9310-46BA-814C-9FFF19114E60}.Release|Any CPU.Build.0 = Release|Any CPU
		{D23BB685-9310-46BA-814C-9FFF19114E60}.Debug|iPhoneSimulator.ActiveCfg = Debug|Any CPU
		{D23BB685-9310-46BA-814C-9FFF19114E60}.Debug|iPhoneSimulator.Build.0 = Debug|Any CPU
		{D23BB685-9310-46BA-814C-9FFF19114E60}.Release|iPhoneSimulator.ActiveCfg = Release|Any CPU
		{D23BB685-9310-46BA-814C-9FFF19114E60}.Release|iPhoneSimulator.Build.0 = Release|Any CPU
		{D23BB685-9310-46BA-814C-9FFF19114E60}.Debug|iPhone.ActiveCfg = Debug|Any CPU
		{D23BB685-9310-46BA-814C-9FFF19114E60}.Debug|iPhone.Build.0 = Debug|Any CPU
		{D23BB685-9310-46BA-814C-9FFF19114E60}.Release|iPhone.ActiveCfg = Release|Any CPU
		{D23BB685-9310-46BA-814C-9FFF19114E60}.Release|iPhone.Build.0 = Release|Any CPU
		{42F906B2-4BE4-447A-9503-5E3269EC91D4}.Debug|Any CPU.ActiveCfg = Debug|iPhoneSimulator
		{42F906B2-4BE4-447A-9503-5E3269EC91D4}.Debug|Any CPU.Build.0 = Debug|iPhoneSimulator
		{42F906B2-4BE4-447A-9503-5E3269EC91D4}.Release|Any CPU.ActiveCfg = Release|iPhoneSimulator
		{42F906B2-4BE4-447A-9503-5E3269EC91D4}.Release|Any CPU.Build.0 = Release|iPhoneSimulator
		{42F906B2-4BE4-447A-9503-5E3269EC91D4}.Debug|iPhoneSimulator.ActiveCfg = Debug|iPhoneSimulator
		{42F906B2-4BE4-447A-9503-5E3269EC91D4}.Debug|iPhoneSimulator.Build.0 = Debug|iPhoneSimulator
		{42F906B2-4BE4-447A-9503-5E3269EC91D4}.Release|iPhoneSimulator.ActiveCfg = Release|iPhoneSimulator
		{42F906B2-4BE4-447A-9503-5E3269EC91D4}.Release|iPhoneSimulator.Build.0 = Release|iPhoneSimulator
		{42F906B2-4BE4-447A-9503-5E3269EC91D4}.Debug|iPhone.ActiveCfg = Debug|iPhone
		{42F906B2-4BE4-447A-9503-5E3269EC91D4}.Debug|iPhone.Build.0 = Debug|iPhone
		{42F906B2-4BE4-447A-9503-5E3269EC91D4}.Release|iPhone.ActiveCfg = Release|iPhone
		{42F906B2-4BE4-447A-9503-5E3269EC91D4}.Release|iPhone.Build.0 = Release|iPhone
		{008078DF-5745-4CE7-9487-B0CA771EE618}.Debug|Any CPU.ActiveCfg = Debug|Any CPU
		{008078DF-5745-4CE7-9487-B0CA771EE618}.Debug|Any CPU.Build.0 = Debug|Any CPU
		{008078DF-5745-4CE7-9487-B0CA771EE618}.Release|Any CPU.ActiveCfg = Release|Any CPU
		{008078DF-5745-4CE7-9487-B0CA771EE618}.Release|Any CPU.Build.0 = Release|Any CPU
		{008078DF-5745-4CE7-9487-B0CA771EE618}.Debug|iPhoneSimulator.ActiveCfg = Debug|Any CPU
		{008078DF-5745-4CE7-9487-B0CA771EE618}.Debug|iPhoneSimulator.Build.0 = Debug|Any CPU
		{008078DF-5745-4CE7-9487-B0CA771EE618}.Release|iPhoneSimulator.ActiveCfg = Release|Any CPU
		{008078DF-5745-4CE7-9487-B0CA771EE618}.Release|iPhoneSimulator.Build.0 = Release|Any CPU
		{008078DF-5745-4CE7-9487-B0CA771EE618}.Debug|iPhone.ActiveCfg = Debug|Any CPU
		{008078DF-5745-4CE7-9487-B0CA771EE618}.Debug|iPhone.Build.0 = Debug|Any CPU
		{008078DF-5745-4CE7-9487-B0CA771EE618}.Release|iPhone.ActiveCfg = Release|Any CPU
		{008078DF-5745-4CE7-9487-B0CA771EE618}.Release|iPhone.Build.0 = Release|Any CPU
	EndGlobalSection
EndGlobal
