
Microsoft Visual Studio Solution File, Format Version 12.00
# Visual Studio 15
Project("{FAE04EC0-301F-11D3-BF4B-00C04F79EFBC}") = "CRUDCleanArch.Android", "CRUDCleanArch.Android\CRUDCleanArch.Android.csproj", "{7E758704-F747-48C0-A901-286D853D6DC8}"
EndProject
Project("{FAE04EC0-301F-11D3-BF4B-00C04F79EFBC}") = "CRUDCleanArch.iOS", "CRUDCleanArch.iOS\CRUDCleanArch.iOS.csproj", "{480E9885-B0FD-4F5A-B39F-69B5323ADB0F}"
EndProject
Project("{FAE04EC0-301F-11D3-BF4B-00C04F79EFBC}") = "CRUDCleanArch", "CRUDCleanArch\CRUDCleanArch.csproj", "{A5C71E82-3B56-45A9-A6FB-DEC149B0CBE0}"
EndProject
Project("{FAE04EC0-301F-11D3-BF4B-00C04F79EFBC}") = "CRUDCleanArch.LocalTests", "CRUDCleanArch.LocalTests\CRUDCleanArch.LocalTests.csproj", "{15F2F027-80E9-4B2C-BE21-C1D689EF899C}"
EndProject
Global
	GlobalSection(SolutionConfigurationPlatforms) = preSolution
		Debug|Any CPU = Debug|Any CPU
		Release|Any CPU = Release|Any CPU
		Debug|iPhoneSimulator = Debug|iPhoneSimulator
		Release|iPhoneSimulator = Release|iPhoneSimulator
		Debug|iPhone = Debug|iPhone
		Release|iPhone = Release|iPhone
	EndGlobalSection
	GlobalSection(ProjectConfigurationPlatforms) = postSolution
		{7E758704-F747-48C0-A901-286D853D6DC8}.Debug|Any CPU.ActiveCfg = Debug|Any CPU
		{7E758704-F747-48C0-A901-286D853D6DC8}.Debug|Any CPU.Build.0 = Debug|Any CPU
		{7E758704-F747-48C0-A901-286D853D6DC8}.Release|Any CPU.ActiveCfg = Release|Any CPU
		{7E758704-F747-48C0-A901-286D853D6DC8}.Release|Any CPU.Build.0 = Release|Any CPU
		{7E758704-F747-48C0-A901-286D853D6DC8}.Debug|iPhoneSimulator.ActiveCfg = Debug|Any CPU
		{7E758704-F747-48C0-A901-286D853D6DC8}.Debug|iPhoneSimulator.Build.0 = Debug|Any CPU
		{7E758704-F747-48C0-A901-286D853D6DC8}.Release|iPhoneSimulator.ActiveCfg = Release|Any CPU
		{7E758704-F747-48C0-A901-286D853D6DC8}.Release|iPhoneSimulator.Build.0 = Release|Any CPU
		{7E758704-F747-48C0-A901-286D853D6DC8}.Debug|iPhone.ActiveCfg = Debug|Any CPU
		{7E758704-F747-48C0-A901-286D853D6DC8}.Debug|iPhone.Build.0 = Debug|Any CPU
		{7E758704-F747-48C0-A901-286D853D6DC8}.Release|iPhone.ActiveCfg = Release|Any CPU
		{7E758704-F747-48C0-A901-286D853D6DC8}.Release|iPhone.Build.0 = Release|Any CPU
		{480E9885-B0FD-4F5A-B39F-69B5323ADB0F}.Debug|Any CPU.ActiveCfg = Debug|iPhoneSimulator
		{480E9885-B0FD-4F5A-B39F-69B5323ADB0F}.Debug|Any CPU.Build.0 = Debug|iPhoneSimulator
		{480E9885-B0FD-4F5A-B39F-69B5323ADB0F}.Release|Any CPU.ActiveCfg = Release|iPhoneSimulator
		{480E9885-B0FD-4F5A-B39F-69B5323ADB0F}.Release|Any CPU.Build.0 = Release|iPhoneSimulator
		{480E9885-B0FD-4F5A-B39F-69B5323ADB0F}.Debug|iPhoneSimulator.ActiveCfg = Debug|iPhoneSimulator
		{480E9885-B0FD-4F5A-B39F-69B5323ADB0F}.Debug|iPhoneSimulator.Build.0 = Debug|iPhoneSimulator
		{480E9885-B0FD-4F5A-B39F-69B5323ADB0F}.Release|iPhoneSimulator.ActiveCfg = Release|iPhoneSimulator
		{480E9885-B0FD-4F5A-B39F-69B5323ADB0F}.Release|iPhoneSimulator.Build.0 = Release|iPhoneSimulator
		{480E9885-B0FD-4F5A-B39F-69B5323ADB0F}.Debug|iPhone.ActiveCfg = Debug|iPhone
		{480E9885-B0FD-4F5A-B39F-69B5323ADB0F}.Debug|iPhone.Build.0 = Debug|iPhone
		{480E9885-B0FD-4F5A-B39F-69B5323ADB0F}.Release|iPhone.ActiveCfg = Release|iPhone
		{480E9885-B0FD-4F5A-B39F-69B5323ADB0F}.Release|iPhone.Build.0 = Release|iPhone
		{A5C71E82-3B56-45A9-A6FB-DEC149B0CBE0}.Debug|Any CPU.ActiveCfg = Debug|Any CPU
		{A5C71E82-3B56-45A9-A6FB-DEC149B0CBE0}.Debug|Any CPU.Build.0 = Debug|Any CPU
		{A5C71E82-3B56-45A9-A6FB-DEC149B0CBE0}.Release|Any CPU.ActiveCfg = Release|Any CPU
		{A5C71E82-3B56-45A9-A6FB-DEC149B0CBE0}.Release|Any CPU.Build.0 = Release|Any CPU
		{A5C71E82-3B56-45A9-A6FB-DEC149B0CBE0}.Debug|iPhoneSimulator.ActiveCfg = Debug|Any CPU
		{A5C71E82-3B56-45A9-A6FB-DEC149B0CBE0}.Debug|iPhoneSimulator.Build.0 = Debug|Any CPU
		{A5C71E82-3B56-45A9-A6FB-DEC149B0CBE0}.Release|iPhoneSimulator.ActiveCfg = Release|Any CPU
		{A5C71E82-3B56-45A9-A6FB-DEC149B0CBE0}.Release|iPhoneSimulator.Build.0 = Release|Any CPU
		{A5C71E82-3B56-45A9-A6FB-DEC149B0CBE0}.Debug|iPhone.ActiveCfg = Debug|Any CPU
		{A5C71E82-3B56-45A9-A6FB-DEC149B0CBE0}.Debug|iPhone.Build.0 = Debug|Any CPU
		{A5C71E82-3B56-45A9-A6FB-DEC149B0CBE0}.Release|iPhone.ActiveCfg = Release|Any CPU
		{A5C71E82-3B56-45A9-A6FB-DEC149B0CBE0}.Release|iPhone.Build.0 = Release|Any CPU
		{15F2F027-80E9-4B2C-BE21-C1D689EF899C}.Debug|Any CPU.ActiveCfg = Debug|Any CPU
		{15F2F027-80E9-4B2C-BE21-C1D689EF899C}.Debug|Any CPU.Build.0 = Debug|Any CPU
		{15F2F027-80E9-4B2C-BE21-C1D689EF899C}.Release|Any CPU.ActiveCfg = Release|Any CPU
		{15F2F027-80E9-4B2C-BE21-C1D689EF899C}.Release|Any CPU.Build.0 = Release|Any CPU
		{15F2F027-80E9-4B2C-BE21-C1D689EF899C}.Debug|iPhoneSimulator.ActiveCfg = Debug|Any CPU
		{15F2F027-80E9-4B2C-BE21-C1D689EF899C}.Debug|iPhoneSimulator.Build.0 = Debug|Any CPU
		{15F2F027-80E9-4B2C-BE21-C1D689EF899C}.Release|iPhoneSimulator.ActiveCfg = Release|Any CPU
		{15F2F027-80E9-4B2C-BE21-C1D689EF899C}.Release|iPhoneSimulator.Build.0 = Release|Any CPU
		{15F2F027-80E9-4B2C-BE21-C1D689EF899C}.Debug|iPhone.ActiveCfg = Debug|Any CPU
		{15F2F027-80E9-4B2C-BE21-C1D689EF899C}.Debug|iPhone.Build.0 = Debug|Any CPU
		{15F2F027-80E9-4B2C-BE21-C1D689EF899C}.Release|iPhone.ActiveCfg = Release|Any CPU
		{15F2F027-80E9-4B2C-BE21-C1D689EF899C}.Release|iPhone.Build.0 = Release|Any CPU
	EndGlobalSection
EndGlobal
