
Microsoft Visual Studio Solution File, Format Version 12.00
# Visual Studio 2012
Project("{FAE04EC0-301F-11D3-BF4B-00C04F79EFBC}") = "NavigationRecipe", "NavigationRecipe\NavigationRecipe.csproj", "{0548AD4C-3C88-4103-8595-1F753F3749E5}"
EndProject
Project("{FAE04EC0-301F-11D3-BF4B-00C04F79EFBC}") = "NavigationRecipe.iOS", "iOS\NavigationRecipe.iOS.csproj", "{7A1C5591-B137-41BF-B892-44A9E52FAB7C}"
EndProject
Project("{FAE04EC0-301F-11D3-BF4B-00C04F79EFBC}") = "NavigationRecipe.Droid", "Droid\NavigationRecipe.Droid.csproj", "{5ED8B8A0-20FF-4EBB-870E-721BC16EF0B3}"
EndProject
Global
	GlobalSection(SolutionConfigurationPlatforms) = preSolution
		Debug|Any CPU = Debug|Any CPU
		Release|Any CPU = Release|Any CPU
		Debug|iPhoneSimulator = Debug|iPhoneSimulator
		Release|iPhone = Release|iPhone
		Release|iPhoneSimulator = Release|iPhoneSimulator
		Debug|iPhone = Debug|iPhone
	EndGlobalSection
	GlobalSection(ProjectConfigurationPlatforms) = postSolution
		{0548AD4C-3C88-4103-8595-1F753F3749E5}.Debug|Any CPU.ActiveCfg = Debug|Any CPU
		{0548AD4C-3C88-4103-8595-1F753F3749E5}.Debug|Any CPU.Build.0 = Debug|Any CPU
		{0548AD4C-3C88-4103-8595-1F753F3749E5}.Release|Any CPU.ActiveCfg = Release|Any CPU
		{0548AD4C-3C88-4103-8595-1F753F3749E5}.Release|Any CPU.Build.0 = Release|Any CPU
		{0548AD4C-3C88-4103-8595-1F753F3749E5}.Debug|iPhoneSimulator.ActiveCfg = Debug|Any CPU
		{0548AD4C-3C88-4103-8595-1F753F3749E5}.Debug|iPhoneSimulator.Build.0 = Debug|Any CPU
		{0548AD4C-3C88-4103-8595-1F753F3749E5}.Release|iPhone.ActiveCfg = Release|Any CPU
		{0548AD4C-3C88-4103-8595-1F753F3749E5}.Release|iPhone.Build.0 = Release|Any CPU
		{0548AD4C-3C88-4103-8595-1F753F3749E5}.Release|iPhoneSimulator.ActiveCfg = Release|Any CPU
		{0548AD4C-3C88-4103-8595-1F753F3749E5}.Release|iPhoneSimulator.Build.0 = Release|Any CPU
		{0548AD4C-3C88-4103-8595-1F753F3749E5}.Debug|iPhone.ActiveCfg = Debug|Any CPU
		{0548AD4C-3C88-4103-8595-1F753F3749E5}.Debug|iPhone.Build.0 = Debug|Any CPU
		{7A1C5591-B137-41BF-B892-44A9E52FAB7C}.Debug|Any CPU.ActiveCfg = Debug|iPhoneSimulator
		{7A1C5591-B137-41BF-B892-44A9E52FAB7C}.Debug|Any CPU.Build.0 = Debug|iPhoneSimulator
		{7A1C5591-B137-41BF-B892-44A9E52FAB7C}.Release|Any CPU.ActiveCfg = Release|iPhone
		{7A1C5591-B137-41BF-B892-44A9E52FAB7C}.Release|Any CPU.Build.0 = Release|iPhone
		{7A1C5591-B137-41BF-B892-44A9E52FAB7C}.Debug|iPhoneSimulator.ActiveCfg = Debug|iPhoneSimulator
		{7A1C5591-B137-41BF-B892-44A9E52FAB7C}.Debug|iPhoneSimulator.Build.0 = Debug|iPhoneSimulator
		{7A1C5591-B137-41BF-B892-44A9E52FAB7C}.Release|iPhone.ActiveCfg = Release|iPhone
		{7A1C5591-B137-41BF-B892-44A9E52FAB7C}.Release|iPhone.Build.0 = Release|iPhone
		{7A1C5591-B137-41BF-B892-44A9E52FAB7C}.Release|iPhoneSimulator.ActiveCfg = Release|iPhoneSimulator
		{7A1C5591-B137-41BF-B892-44A9E52FAB7C}.Release|iPhoneSimulator.Build.0 = Release|iPhoneSimulator
		{7A1C5591-B137-41BF-B892-44A9E52FAB7C}.Debug|iPhone.ActiveCfg = Debug|iPhone
		{7A1C5591-B137-41BF-B892-44A9E52FAB7C}.Debug|iPhone.Build.0 = Debug|iPhone
		{5ED8B8A0-20FF-4EBB-870E-721BC16EF0B3}.Debug|Any CPU.ActiveCfg = Debug|Any CPU
		{5ED8B8A0-20FF-4EBB-870E-721BC16EF0B3}.Debug|Any CPU.Build.0 = Debug|Any CPU
		{5ED8B8A0-20FF-4EBB-870E-721BC16EF0B3}.Release|Any CPU.ActiveCfg = Release|Any CPU
		{5ED8B8A0-20FF-4EBB-870E-721BC16EF0B3}.Release|Any CPU.Build.0 = Release|Any CPU
		{5ED8B8A0-20FF-4EBB-870E-721BC16EF0B3}.Debug|iPhoneSimulator.ActiveCfg = Debug|Any CPU
		{5ED8B8A0-20FF-4EBB-870E-721BC16EF0B3}.Debug|iPhoneSimulator.Build.0 = Debug|Any CPU
		{5ED8B8A0-20FF-4EBB-870E-721BC16EF0B3}.Release|iPhone.ActiveCfg = Release|Any CPU
		{5ED8B8A0-20FF-4EBB-870E-721BC16EF0B3}.Release|iPhone.Build.0 = Release|Any CPU
		{5ED8B8A0-20FF-4EBB-870E-721BC16EF0B3}.Release|iPhoneSimulator.ActiveCfg = Release|Any CPU
		{5ED8B8A0-20FF-4EBB-870E-721BC16EF0B3}.Release|iPhoneSimulator.Build.0 = Release|Any CPU
		{5ED8B8A0-20FF-4EBB-870E-721BC16EF0B3}.Debug|iPhone.ActiveCfg = Debug|Any CPU
		{5ED8B8A0-20FF-4EBB-870E-721BC16EF0B3}.Debug|iPhone.Build.0 = Debug|Any CPU
	EndGlobalSection
EndGlobal
